
Microsoft Visual Studio Solution File, Format Version 12.00
# Visual Studio 15
VisualStudioVersion = 15.0.26403.3
MinimumVisualStudioVersion = 10.0.40219.1
Project("{2150E333-8FDC-42A3-9474-1A3956D46DE8}") = "L01_C-sharpIntroAndBasicSyntax-Lab", "L01_C-sharpIntroAndBasicSyntax-Lab", "{21BCFBA4-DCEA-45F8-88EE-7D6C988EAD31}"
EndProject
Project("{2150E333-8FDC-42A3-9474-1A3956D46DE8}") = "L02_C-sharp_IntroAndBasicSyntax-Exercises", "L02_C-sharp_IntroAndBasicSyntax-Exercises", "{96A7207D-457A-4906-ADC4-5A8D4BD52A29}"
EndProject
Project("{FAE04EC0-301F-11D3-BF4B-00C04F79EFBC}") = "P01_Greeting", "L01_C-sharpIntroAndBasicSyntax-Lab\P01_Greeting\P01_Greeting.csproj", "{7FDC5902-B163-49A1-878F-37C24DB3316F}"
EndProject
Project("{FAE04EC0-301F-11D3-BF4B-00C04F79EFBC}") = "P02_AddTwoNumbers", "L01_C-sharpIntroAndBasicSyntax-Lab\P02_AddTwoNumbers\P02_AddTwoNumbers.csproj", "{982CA72B-78FF-44CA-9939-AB2257A8FE32}"
EndProject
Project("{FAE04EC0-301F-11D3-BF4B-00C04F79EFBC}") = "P03_EmployeeData", "L01_C-sharpIntroAndBasicSyntax-Lab\P03_EmployeeData\P03_EmployeeData.csproj", "{E349C302-78B6-40B9-B91D-FF5268104CBF}"
EndProject
Project("{FAE04EC0-301F-11D3-BF4B-00C04F79EFBC}") = "P01_DebitCardNumber", "L02_C-sharp_IntroAndBasicSyntax-Exercises\P01_DebitCardNumber\P01_DebitCardNumber.csproj", "{A683DAFB-C1B5-46FD-9B2C-47A97B5513E1}"
EndProject
Project("{FAE04EC0-301F-11D3-BF4B-00C04F79EFBC}") = "P02_RectangleArea", "L02_C-sharp_IntroAndBasicSyntax-Exercises\P02_RectangleArea\P02_RectangleArea.csproj", "{D2823E50-352D-438A-B1F4-839BF734E9BE}"
EndProject
Project("{FAE04EC0-301F-11D3-BF4B-00C04F79EFBC}") = "P03_MilesToKilometers", "L02_C-sharp_IntroAndBasicSyntax-Exercises\P03_MilesToKilometers\P03_MilesToKilometers.csproj", "{184D6188-F15A-4473-A2E9-A2DB05FE4890}"
EndProject
Project("{FAE04EC0-301F-11D3-BF4B-00C04F79EFBC}") = "P04_BeverageLabels", "L02_C-sharp_IntroAndBasicSyntax-Exercises\P04_BeverageLabels\P04_BeverageLabels.csproj", "{E5904294-45E5-4D60-BF4C-426C28428AF4}"
EndProject
Project("{FAE04EC0-301F-11D3-BF4B-00C04F79EFBC}") = "P05_CharacterStats", "L02_C-sharp_IntroAndBasicSyntax-Exercises\P05_CharacterStats\P05_CharacterStats.csproj", "{91F61FF9-A391-44B1-90E3-3FDC23633C14}"
EndProject
Project("{2150E333-8FDC-42A3-9474-1A3956D46DE8}") = "L03_C-sharp_ConditionalStatementsAndLoops", "L03_C-sharp_ConditionalStatementsAndLoops", "{F5D88350-50A9-4548-8376-C501D0EF91F0}"
EndProject
Project("{FAE04EC0-301F-11D3-BF4B-00C04F79EFBC}") = "P01_Passed", "L03_C-sharp_ConditionalStatementsAndLoops\P01_Passed\P01_Passed.csproj", "{D73276CB-4391-40BC-8335-34F2E11B54C8}"
EndProject
Project("{FAE04EC0-301F-11D3-BF4B-00C04F79EFBC}") = "P02_PassedOrFailed", "L03_C-sharp_ConditionalStatementsAndLoops\P02_PassedOrFailed\P02_PassedOrFailed.csproj", "{EDB9976A-A42F-4BBB-B26C-90DCF36D12DB}"
EndProject
Project("{FAE04EC0-301F-11D3-BF4B-00C04F79EFBC}") = "P03_BackIn30Minutes", "L03_C-sharp_ConditionalStatementsAndLoops\P03_BackIn30Minutes\P03_BackIn30Minutes.csproj", "{07DEC892-3BD7-47B8-95AA-6D2B24899475}"
EndProject
Project("{FAE04EC0-301F-11D3-BF4B-00C04F79EFBC}") = "P04_MonthPrinter", "L03_C-sharp_ConditionalStatementsAndLoops\P04_MonthPrinter\P04_MonthPrinter.csproj", "{9B22D840-161B-4420-93D5-DC287F9698E6}"
EndProject
Project("{FAE04EC0-301F-11D3-BF4B-00C04F79EFBC}") = "P05_ForeignLanguages", "L03_C-sharp_ConditionalStatementsAndLoops\P05_ForeignLanguages\P05_ForeignLanguages.csproj", "{A641CD7F-B55F-4BD7-AAF6-4F0C750804A6}"
EndProject
Project("{FAE04EC0-301F-11D3-BF4B-00C04F79EFBC}") = "P06_TheatrePromotion", "L03_C-sharp_ConditionalStatementsAndLoops\P06_TheatrePromotion\P06_TheatrePromotion.csproj", "{0C2F3146-078C-48E4-9C71-E799BD87D676}"
EndProject
Project("{FAE04EC0-301F-11D3-BF4B-00C04F79EFBC}") = "P07_DivisibleBy3", "L03_C-sharp_ConditionalStatementsAndLoops\P07_DivisibleBy3\P07_DivisibleBy3.csproj", "{0E6BC089-517F-48B6-94A7-DA91AFECB453}"
EndProject
Project("{FAE04EC0-301F-11D3-BF4B-00C04F79EFBC}") = "P08_SumOfOddNumbers", "L03_C-sharp_ConditionalStatementsAndLoops\P08_SumOfOddNumbers\P08_SumOfOddNumbers.csproj", "{FDE7B59C-340B-4022-8B9F-320454ADB9B8}"
EndProject
Project("{FAE04EC0-301F-11D3-BF4B-00C04F79EFBC}") = "P09_MultiplicationTable", "L03_C-sharp_ConditionalStatementsAndLoops\P09_MultiplicationTable\P09_MultiplicationTable.csproj", "{201EBF34-E3C6-45B9-ACC2-0B496405F928}"
EndProject
Project("{FAE04EC0-301F-11D3-BF4B-00C04F79EFBC}") = "P10_MultiplicationTable2_0", "L03_C-sharp_ConditionalStatementsAndLoops\P10_MultiplicationTable2_0\P10_MultiplicationTable2_0.csproj", "{076DBF48-BA92-4379-B24D-C3055A3D9E3F}"
EndProject
Project("{FAE04EC0-301F-11D3-BF4B-00C04F79EFBC}") = "P11_OddNumber", "L03_C-sharp_ConditionalStatementsAndLoops\P11_OddNumber\P11_OddNumber.csproj", "{FEF565E6-810F-4C95-B5DE-E9C1CB2AE0AA}"
EndProject
Project("{FAE04EC0-301F-11D3-BF4B-00C04F79EFBC}") = "P12_NumberChecker", "L03_C-sharp_ConditionalStatementsAndLoops\P12_NumberChecker\P12_NumberChecker.csproj", "{7941F0A0-6E1C-41FB-B92A-955EA23309A5}"
EndProject
Project("{2150E333-8FDC-42A3-9474-1A3956D46DE8}") = "L04_C-sharp_ConditionalStatementsAndLoops-Exercises", "L04_C-sharp_ConditionalStatementsAndLoops-Exercises", "{B304A911-866E-499C-B0EF-6C9BE1273D09}"
EndProject
Project("{FAE04EC0-301F-11D3-BF4B-00C04F79EFBC}") = "P01_ChooseADrink", "L04_C-sharp_ConditionalStatementsAndLoops-Exercises\P01_ChooseADrink\P01_ChooseADrink.csproj", "{41F9C88D-3315-42B5-843B-4E2BACF02301}"
EndProject
Project("{FAE04EC0-301F-11D3-BF4B-00C04F79EFBC}") = "P02_ChooseADrink2_0", "L04_C-sharp_ConditionalStatementsAndLoops-Exercises\P02_ChooseADrink2_0\P02_ChooseADrink2_0.csproj", "{9B8417D7-42E6-4343-9CEB-360CBB1AAD99}"
EndProject
Project("{FAE04EC0-301F-11D3-BF4B-00C04F79EFBC}") = "P03_RestaurantDiscount", "L04_C-sharp_ConditionalStatementsAndLoops-Exercises\P03_RestaurantDiscount\P03_RestaurantDiscount.csproj", "{4C42BC38-E20E-47BC-9AAB-CA1861D220B7}"
EndProject
Project("{FAE04EC0-301F-11D3-BF4B-00C04F79EFBC}") = "P04_Hotel", "L04_C-sharp_ConditionalStatementsAndLoops-Exercises\P04_Hotel\P04_Hotel.csproj", "{02E6F211-8E9A-4EEA-AD0F-18A42E4A03C1}"
EndProject
Project("{FAE04EC0-301F-11D3-BF4B-00C04F79EFBC}") = "P05_WordInPlural", "L04_C-sharp_ConditionalStatementsAndLoops-Exercises\P05_WordInPlural\P05_WordInPlural.csproj", "{142BCE50-C4D4-48F2-88A8-1FAB15D733FC}"
EndProject
Project("{FAE04EC0-301F-11D3-BF4B-00C04F79EFBC}") = "P06_IntervalOfNumbers", "L04_C-sharp_ConditionalStatementsAndLoops-Exercises\P06_IntervalOfNumbers\P06_IntervalOfNumbers.csproj", "{EB37D797-92C9-4B35-909C-9FD51F15D372}"
EndProject
Project("{FAE04EC0-301F-11D3-BF4B-00C04F79EFBC}") = "P07_CakeIngredients", "L04_C-sharp_ConditionalStatementsAndLoops-Exercises\P07_CakeIngredients\P07_CakeIngredients.csproj", "{B5B305E4-D93C-468C-872D-9EBFD4711C0D}"
EndProject
Project("{FAE04EC0-301F-11D3-BF4B-00C04F79EFBC}") = "P08_CaloriesCounter", "L04_C-sharp_ConditionalStatementsAndLoops-Exercises\P08_CaloriesCounter\P08_CaloriesCounter.csproj", "{7BFE94CC-6411-4160-A8EE-184394049DFF}"
EndProject
Project("{FAE04EC0-301F-11D3-BF4B-00C04F79EFBC}") = "P09_CountTheIntegers", "L04_C-sharp_ConditionalStatementsAndLoops-Exercises\P09_CountTheIntegers\P09_CountTheIntegers.csproj", "{FB3726D2-EDDE-4E1C-933A-7EA67DCE43A7}"
EndProject
Project("{FAE04EC0-301F-11D3-BF4B-00C04F79EFBC}") = "P10_TriangleOfNumbers", "L04_C-sharp_ConditionalStatementsAndLoops-Exercises\P10_TriangleOfNumbers\P10_TriangleOfNumbers.csproj", "{BEDBB5B8-C411-4CFA-AE3D-10208491DD12}"
EndProject
Project("{FAE04EC0-301F-11D3-BF4B-00C04F79EFBC}") = "P11_5DifferentNumbers", "L04_C-sharp_ConditionalStatementsAndLoops-Exercises\P11_5DifferentNumbers\P11_5DifferentNumbers.csproj", "{4D2FFFC4-0B1B-4C60-8B6E-4A31A124933A}"
EndProject
Project("{FAE04EC0-301F-11D3-BF4B-00C04F79EFBC}") = "P12_TestNumbers", "L04_C-sharp_ConditionalStatementsAndLoops-Exercises\P12_TestNumbers\P12_TestNumbers.csproj", "{5B9A6247-2E77-40BD-98D7-4D36568F9B12}"
EndProject
Project("{FAE04EC0-301F-11D3-BF4B-00C04F79EFBC}") = "P13_GameOfNumbers", "L04_C-sharp_ConditionalStatementsAndLoops-Exercises\P13_GameOfNumbers\P13_GameOfNumbers.csproj", "{D57C5941-55EA-4EF9-9C8D-6A8BDB96636F}"
EndProject
Project("{FAE04EC0-301F-11D3-BF4B-00C04F79EFBC}") = "P14_MagicLetter", "L04_C-sharp_ConditionalStatementsAndLoops-Exercises\P14_MagicLetter\P14_MagicLetter.csproj", "{4E20A4CE-FE99-4C1F-9BD2-A40FE8B0EFFB}"
EndProject
Project("{FAE04EC0-301F-11D3-BF4B-00C04F79EFBC}") = "P15_NeighbourWars", "L04_C-sharp_ConditionalStatementsAndLoops-Exercises\P15_NeighbourWars\P15_NeighbourWars.csproj", "{D619498A-1ED0-4548-ABFC-6187B8BF6D65}"
EndProject
Project("{2150E333-8FDC-42A3-9474-1A3956D46DE8}") = "L05_C-sharp_Basics-MoreExercises", "L05_C-sharp_Basics-MoreExercises", "{623EEB7B-9E69-455F-9965-AC7A348F9829}"
EndProject
Project("{FAE04EC0-301F-11D3-BF4B-00C04F79EFBC}") = "P01_X", "L05_C-sharp_Basics-MoreExercises\P01_X\P01_X.csproj", "{89D5A29F-5760-4507-BC20-5921C79D7324}"
EndProject
Project("{FAE04EC0-301F-11D3-BF4B-00C04F79EFBC}") = "P02_VaporStore", "L05_C-sharp_Basics-MoreExercises\P02_VaporStore\P02_VaporStore.csproj", "{C6A85DAF-08D5-4FCB-9080-3D3545F8874E}"
EndProject
Project("{FAE04EC0-301F-11D3-BF4B-00C04F79EFBC}") = "P03_Megapixels", "L05_C-sharp_Basics-MoreExercises\P03_Megapixels\P03_Megapixels.csproj", "{66DEF682-3C47-4A1D-AA03-D3931A2C90F5}"
EndProject
Project("{FAE04EC0-301F-11D3-BF4B-00C04F79EFBC}") = "P04_PhotoGallery", "L05_C-sharp_Basics-MoreExercises\P04_PhotoGallery\P04_PhotoGallery.csproj", "{91A6F0EE-5945-4E6C-A8C0-7CD75D572EA1}"
EndProject
Project("{FAE04EC0-301F-11D3-BF4B-00C04F79EFBC}") = "P05_BPM_Counter", "L05_C-sharp_Basics-MoreExercises\P05_BPM_Counter\P05_BPM_Counter.csproj", "{917478A5-2874-44D7-A5FD-85C4D06E314B}"
EndProject
Project("{FAE04EC0-301F-11D3-BF4B-00C04F79EFBC}") = "P06_DnaSequences", "L05_C-sharp_Basics-MoreExercises\P06_DnaSequences\P06_DnaSequences.csproj", "{9F9B4F6D-B4A1-42D0-8A4C-135675CD1700}"
EndProject
Project("{FAE04EC0-301F-11D3-BF4B-00C04F79EFBC}") = "P07_TrainingHallEquipment", "L05_C-sharp_Basics-MoreExercises\P07_TrainingHallEquipment\P07_TrainingHallEquipment.csproj", "{D38365AB-DF35-4811-8265-B16FA8C82005}"
EndProject
Project("{FAE04EC0-301F-11D3-BF4B-00C04F79EFBC}") = "P08_SmsTyping", "L05_C-sharp_Basics-MoreExercises\P08_SmsTyping\P08_SmsTyping.csproj", "{F50F406A-B287-4559-BF4F-A5BE16C4625E}"
EndProject
Project("{2150E333-8FDC-42A3-9474-1A3956D46DE8}") = "L06_DataTypesAndVariables-Lab", "L06_DataTypesAndVariables-Lab", "{4EABF0E9-79E6-4BD2-8F44-071486C8C308}"
EndProject
Project("{FAE04EC0-301F-11D3-BF4B-00C04F79EFBC}") = "P01_CenturiesToMinutes", "L06_DataTypesAndVariables-Lab\P01_CenturiesToMinutes\P01_CenturiesToMinutes.csproj", "{AB1324E9-C26F-4EEF-A844-16D39A3B621A}"
EndProject
Project("{FAE04EC0-301F-11D3-BF4B-00C04F79EFBC}") = "P02_CircleArea", "L06_DataTypesAndVariables-Lab\P02_CircleArea\P02_CircleArea.csproj", "{876AC342-9537-403C-B02D-16D2E8CA26EF}"
EndProject
Project("{FAE04EC0-301F-11D3-BF4B-00C04F79EFBC}") = "P03_ExactSumOfRealNumbers", "L06_DataTypesAndVariables-Lab\P03_ExactSumOfRealNumbers\P03_ExactSumOfRealNumbers.csproj", "{F8C3D542-2B41-42A5-95E1-BE1773D9478C}"
EndProject
Project("{FAE04EC0-301F-11D3-BF4B-00C04F79EFBC}") = "P04_Elevator", "L06_DataTypesAndVariables-Lab\P04_Elevator\P04_Elevator.csproj", "{D07DDC80-0485-408C-A9FD-893AD548DEDC}"
EndProject
Project("{FAE04EC0-301F-11D3-BF4B-00C04F79EFBC}") = "P05_SpecialNumbers", "L06_DataTypesAndVariables-Lab\P05_SpecialNumbers\P05_SpecialNumbers.csproj", "{F9DCB46A-276D-4426-85DD-C3582203E584}"
EndProject
Project("{FAE04EC0-301F-11D3-BF4B-00C04F79EFBC}") = "P06_TriplesOfLetters", "L06_DataTypesAndVariables-Lab\P06_TriplesOfLetters\P06_TriplesOfLetters.csproj", "{B552EA25-6FC1-4722-A0BD-398D67EFFFEF}"
EndProject
Project("{FAE04EC0-301F-11D3-BF4B-00C04F79EFBC}") = "P07_Greeting", "L06_DataTypesAndVariables-Lab\P07_Greeting\P07_Greeting.csproj", "{B4EEC29D-2AD1-41F0-867E-F59A5B3D476D}"
EndProject
Project("{FAE04EC0-301F-11D3-BF4B-00C04F79EFBC}") = "P08_RefactorVolumeOfPyramid", "L06_DataTypesAndVariables-Lab\P08_RefactorVolumeOfPyramid\P08_RefactorVolumeOfPyramid.csproj", "{D9C3E384-D6EC-44A3-BD9D-B3A603054098}"
EndProject
Project("{FAE04EC0-301F-11D3-BF4B-00C04F79EFBC}") = "P09_RefactorSpecialNumbers", "L06_DataTypesAndVariables-Lab\P09_RefactorSpecialNumbers\P09_RefactorSpecialNumbers.csproj", "{C6C0465E-EC95-4C88-80D5-AB0376A5F590}"
EndProject
Project("{2150E333-8FDC-42A3-9474-1A3956D46DE8}") = "L07_DataTypesandVariables-Exercises", "L07_DataTypesandVariables-Exercises", "{DA89C83F-679B-4E73-B40B-94572787BCD9}"
EndProject
Project("{FAE04EC0-301F-11D3-BF4B-00C04F79EFBC}") = "P01_PracticeIntegers", "L07_DataTypesandVariables-Exercises\P01_PracticeIntegers\P01_PracticeIntegers.csproj", "{78C777C8-2E6A-48D4-9700-7544F20D96CC}"
EndProject
Project("{FAE04EC0-301F-11D3-BF4B-00C04F79EFBC}") = "P02_PracticeFloatingPoints", "L07_DataTypesandVariables-Exercises\P02_PracticeFloatingPoints\P02_PracticeFloatingPoints.csproj", "{FCE0DB69-A2C2-4EE1-B9C4-EFF1142F015D}"
EndProject
Project("{FAE04EC0-301F-11D3-BF4B-00C04F79EFBC}") = "P03_PracticeCharsAndStrings", "L07_DataTypesandVariables-Exercises\P03_PracticeCharsAndStrings\P03_PracticeCharsAndStrings.csproj", "{853A4DDA-CB2D-4470-956D-83939E97794B}"
EndProject
Project("{FAE04EC0-301F-11D3-BF4B-00C04F79EFBC}") = "P04_VariableInHexFormat", "L07_DataTypesandVariables-Exercises\P04_VariableInHexFormat\P04_VariableInHexFormat.csproj", "{3425B90F-ED5F-4A48-93B8-70C6D16125C7}"
EndProject
Project("{FAE04EC0-301F-11D3-BF4B-00C04F79EFBC}") = "P05_BooleanVariable", "L07_DataTypesandVariables-Exercises\P05_BooleanVariable\P05_BooleanVariable.csproj", "{B4468F53-533F-4C56-8A44-A452CF875F54}"
EndProject
Project("{FAE04EC0-301F-11D3-BF4B-00C04F79EFBC}") = "P06_StringsAndObjects", "L07_DataTypesandVariables-Exercises\P06_StringsAndObjects\P06_StringsAndObjects.csproj", "{9874A8D1-EEBC-4166-A26B-32D93CAD293A}"
EndProject
Project("{FAE04EC0-301F-11D3-BF4B-00C04F79EFBC}") = "P07_ExchangeVariableValues", "L07_DataTypesandVariables-Exercises\P07_ExchangeVariableValues\P07_ExchangeVariableValues.csproj", "{BF01DE51-0938-48E1-945D-5A0D67A5E2E7}"
EndProject
Project("{FAE04EC0-301F-11D3-BF4B-00C04F79EFBC}") = "P08_EmployeeData", "L07_DataTypesandVariables-Exercises\P08_EmployeeData\P08_EmployeeData.csproj", "{E609AA40-F1F0-46C7-A3A3-0027469897B5}"
EndProject
Project("{FAE04EC0-301F-11D3-BF4B-00C04F79EFBC}") = "P09_ReversedChars", "L07_DataTypesandVariables-Exercises\P09_ReversedChars\P09_ReversedChars.csproj", "{CC2864A6-9C4E-4ED9-B78B-9A21EB3485C0}"
EndProject
Project("{FAE04EC0-301F-11D3-BF4B-00C04F79EFBC}") = "P10_CenturiesToNanoseconds", "L07_DataTypesandVariables-Exercises\P10_CenturiesToNanoseconds\P10_CenturiesToNanoseconds.csproj", "{2E928043-172D-4446-8DC5-EC13D3734915}"
EndProject
Project("{FAE04EC0-301F-11D3-BF4B-00C04F79EFBC}") = "P11_ConvertSpeedUnits", "L07_DataTypesandVariables-Exercises\P11_ConvertSpeedUnits\P11_ConvertSpeedUnits.csproj", "{1C27BF6D-2E76-4C82-BDF0-C3F91925E080}"
EndProject
Project("{FAE04EC0-301F-11D3-BF4B-00C04F79EFBC}") = "P12_RectangleProperties", "L07_DataTypesandVariables-Exercises\P12_RectangleProperties\P12_RectangleProperties.csproj", "{D9B4A22D-B3C6-4CC0-B048-2E91D452FBF2}"
EndProject
Project("{FAE04EC0-301F-11D3-BF4B-00C04F79EFBC}") = "P15_FastPrimeChecker", "L07_DataTypesandVariables-Exercises\P15_FastPrimeChecker\P15_FastPrimeChecker.csproj", "{D8DD9AD8-2452-4726-AECE-09B04BCF6507}"
EndProject
Project("{FAE04EC0-301F-11D3-BF4B-00C04F79EFBC}") = "P13_VowelOrDigit", "L07_DataTypesandVariables-Exercises\P13_VowelOrDigit\P13_VowelOrDigit.csproj", "{58F5A46E-98BE-4214-B44D-5A51800674DC}"
EndProject
Project("{FAE04EC0-301F-11D3-BF4B-00C04F79EFBC}") = "P14_IntegerToHexAndBinary", "L07_DataTypesandVariables-Exercises\P14_IntegerToHexAndBinary\P14_IntegerToHexAndBinary.csproj", "{A547DEF0-4325-4952-B1D0-31110CF7F392}"
EndProject
Project("{FAE04EC0-301F-11D3-BF4B-00C04F79EFBC}") = "P16_ComparingFloats", "L07_DataTypesandVariables-Exercises\P16_ComparingFloats\P16_ComparingFloats.csproj", "{5DD8AB47-134B-44D3-8D1E-944D539D2415}"
EndProject
Project("{FAE04EC0-301F-11D3-BF4B-00C04F79EFBC}") = "P17_PrintPartOf_ASCII_Table", "L07_DataTypesandVariables-Exercises\P17_PrintPartOf_ASCII_Table\P17_PrintPartOf_ASCII_Table.csproj", "{1FF416D3-A815-4747-A8A5-7A5498C862AC}"
EndProject
Project("{FAE04EC0-301F-11D3-BF4B-00C04F79EFBC}") = "P18_DifferentIntegersSize", "L07_DataTypesandVariables-Exercises\P18_DifferentIntegersSize\P18_DifferentIntegersSize.csproj", "{7754D756-2D80-41F8-A982-6D60ECC86BD7}"
EndProject
Project("{FAE04EC0-301F-11D3-BF4B-00C04F79EFBC}") = "P19_TheaThePhotographer", "L07_DataTypesandVariables-Exercises\P19_TheaThePhotographer\P19_TheaThePhotographer.csproj", "{22DACAA2-53B0-463D-B943-2B0E3C84F247}"
EndProject
Project("{2150E333-8FDC-42A3-9474-1A3956D46DE8}") = "L08_DataTypesAndVariables-MoreExercises", "L08_DataTypesAndVariables-MoreExercises", "{7457C1BE-FBE6-4C3E-BD11-D6CA199331B1}"
EndProject
Project("{FAE04EC0-301F-11D3-BF4B-00C04F79EFBC}") = "P01_TypeBoundaries", "L08_DataTypesAndVariables-MoreExercises\P01_TypeBoundaries\P01_TypeBoundaries.csproj", "{86C3450A-FA38-4B06-82F3-21B7357BB509}"
EndProject
Project("{FAE04EC0-301F-11D3-BF4B-00C04F79EFBC}") = "P02_NumberChecker", "L08_DataTypesAndVariables-MoreExercises\P02_NumberChecker\P02_NumberChecker.csproj", "{91F806B9-022D-45A7-9BF3-294894A84458}"
EndProject
Project("{FAE04EC0-301F-11D3-BF4B-00C04F79EFBC}") = "P03_WaterOverflow", "L08_DataTypesAndVariables-MoreExercises\P03_WaterOverflow\P03_WaterOverflow.csproj", "{DB58DB31-8307-40FF-AFBC-33249E0044EA}"
EndProject
Project("{FAE04EC0-301F-11D3-BF4B-00C04F79EFBC}") = "P04_TouristInformation", "L08_DataTypesAndVariables-MoreExercises\P04_TouristInformation\P04_TouristInformation.csproj", "{811EB30F-5015-4F72-BF95-01E77E5B7F6E}"
EndProject
Project("{FAE04EC0-301F-11D3-BF4B-00C04F79EFBC}") = "P05_WeatherForecast", "L08_DataTypesAndVariables-MoreExercises\P05_WeatherForecast\P05_WeatherForecast.csproj", "{D8B8A132-BF82-43D9-B6FF-1C30BDD20AD7}"
EndProject
Project("{FAE04EC0-301F-11D3-BF4B-00C04F79EFBC}") = "P06_CatchTheThief", "L08_DataTypesAndVariables-MoreExercises\P06_CatchTheThief\P06_CatchTheThief.csproj", "{C3EC4767-5BB3-4C3E-A53C-FDF11C0DC69D}"
EndProject
Global
	GlobalSection(SolutionConfigurationPlatforms) = preSolution
		Debug|Any CPU = Debug|Any CPU
		Release|Any CPU = Release|Any CPU
	EndGlobalSection
	GlobalSection(ProjectConfigurationPlatforms) = postSolution
		{7FDC5902-B163-49A1-878F-37C24DB3316F}.Debug|Any CPU.ActiveCfg = Debug|Any CPU
		{7FDC5902-B163-49A1-878F-37C24DB3316F}.Debug|Any CPU.Build.0 = Debug|Any CPU
		{7FDC5902-B163-49A1-878F-37C24DB3316F}.Release|Any CPU.ActiveCfg = Release|Any CPU
		{7FDC5902-B163-49A1-878F-37C24DB3316F}.Release|Any CPU.Build.0 = Release|Any CPU
		{982CA72B-78FF-44CA-9939-AB2257A8FE32}.Debug|Any CPU.ActiveCfg = Debug|Any CPU
		{982CA72B-78FF-44CA-9939-AB2257A8FE32}.Debug|Any CPU.Build.0 = Debug|Any CPU
		{982CA72B-78FF-44CA-9939-AB2257A8FE32}.Release|Any CPU.ActiveCfg = Release|Any CPU
		{982CA72B-78FF-44CA-9939-AB2257A8FE32}.Release|Any CPU.Build.0 = Release|Any CPU
		{E349C302-78B6-40B9-B91D-FF5268104CBF}.Debug|Any CPU.ActiveCfg = Debug|Any CPU
		{E349C302-78B6-40B9-B91D-FF5268104CBF}.Debug|Any CPU.Build.0 = Debug|Any CPU
		{E349C302-78B6-40B9-B91D-FF5268104CBF}.Release|Any CPU.ActiveCfg = Release|Any CPU
		{E349C302-78B6-40B9-B91D-FF5268104CBF}.Release|Any CPU.Build.0 = Release|Any CPU
		{A683DAFB-C1B5-46FD-9B2C-47A97B5513E1}.Debug|Any CPU.ActiveCfg = Debug|Any CPU
		{A683DAFB-C1B5-46FD-9B2C-47A97B5513E1}.Debug|Any CPU.Build.0 = Debug|Any CPU
		{A683DAFB-C1B5-46FD-9B2C-47A97B5513E1}.Release|Any CPU.ActiveCfg = Release|Any CPU
		{A683DAFB-C1B5-46FD-9B2C-47A97B5513E1}.Release|Any CPU.Build.0 = Release|Any CPU
		{D2823E50-352D-438A-B1F4-839BF734E9BE}.Debug|Any CPU.ActiveCfg = Debug|Any CPU
		{D2823E50-352D-438A-B1F4-839BF734E9BE}.Debug|Any CPU.Build.0 = Debug|Any CPU
		{D2823E50-352D-438A-B1F4-839BF734E9BE}.Release|Any CPU.ActiveCfg = Release|Any CPU
		{D2823E50-352D-438A-B1F4-839BF734E9BE}.Release|Any CPU.Build.0 = Release|Any CPU
		{184D6188-F15A-4473-A2E9-A2DB05FE4890}.Debug|Any CPU.ActiveCfg = Debug|Any CPU
		{184D6188-F15A-4473-A2E9-A2DB05FE4890}.Debug|Any CPU.Build.0 = Debug|Any CPU
		{184D6188-F15A-4473-A2E9-A2DB05FE4890}.Release|Any CPU.ActiveCfg = Release|Any CPU
		{184D6188-F15A-4473-A2E9-A2DB05FE4890}.Release|Any CPU.Build.0 = Release|Any CPU
		{E5904294-45E5-4D60-BF4C-426C28428AF4}.Debug|Any CPU.ActiveCfg = Debug|Any CPU
		{E5904294-45E5-4D60-BF4C-426C28428AF4}.Debug|Any CPU.Build.0 = Debug|Any CPU
		{E5904294-45E5-4D60-BF4C-426C28428AF4}.Release|Any CPU.ActiveCfg = Release|Any CPU
		{E5904294-45E5-4D60-BF4C-426C28428AF4}.Release|Any CPU.Build.0 = Release|Any CPU
		{91F61FF9-A391-44B1-90E3-3FDC23633C14}.Debug|Any CPU.ActiveCfg = Debug|Any CPU
		{91F61FF9-A391-44B1-90E3-3FDC23633C14}.Debug|Any CPU.Build.0 = Debug|Any CPU
		{91F61FF9-A391-44B1-90E3-3FDC23633C14}.Release|Any CPU.ActiveCfg = Release|Any CPU
		{91F61FF9-A391-44B1-90E3-3FDC23633C14}.Release|Any CPU.Build.0 = Release|Any CPU
		{D73276CB-4391-40BC-8335-34F2E11B54C8}.Debug|Any CPU.ActiveCfg = Debug|Any CPU
		{D73276CB-4391-40BC-8335-34F2E11B54C8}.Debug|Any CPU.Build.0 = Debug|Any CPU
		{D73276CB-4391-40BC-8335-34F2E11B54C8}.Release|Any CPU.ActiveCfg = Release|Any CPU
		{D73276CB-4391-40BC-8335-34F2E11B54C8}.Release|Any CPU.Build.0 = Release|Any CPU
		{EDB9976A-A42F-4BBB-B26C-90DCF36D12DB}.Debug|Any CPU.ActiveCfg = Debug|Any CPU
		{EDB9976A-A42F-4BBB-B26C-90DCF36D12DB}.Debug|Any CPU.Build.0 = Debug|Any CPU
		{EDB9976A-A42F-4BBB-B26C-90DCF36D12DB}.Release|Any CPU.ActiveCfg = Release|Any CPU
		{EDB9976A-A42F-4BBB-B26C-90DCF36D12DB}.Release|Any CPU.Build.0 = Release|Any CPU
		{07DEC892-3BD7-47B8-95AA-6D2B24899475}.Debug|Any CPU.ActiveCfg = Debug|Any CPU
		{07DEC892-3BD7-47B8-95AA-6D2B24899475}.Debug|Any CPU.Build.0 = Debug|Any CPU
		{07DEC892-3BD7-47B8-95AA-6D2B24899475}.Release|Any CPU.ActiveCfg = Release|Any CPU
		{07DEC892-3BD7-47B8-95AA-6D2B24899475}.Release|Any CPU.Build.0 = Release|Any CPU
		{9B22D840-161B-4420-93D5-DC287F9698E6}.Debug|Any CPU.ActiveCfg = Debug|Any CPU
		{9B22D840-161B-4420-93D5-DC287F9698E6}.Debug|Any CPU.Build.0 = Debug|Any CPU
		{9B22D840-161B-4420-93D5-DC287F9698E6}.Release|Any CPU.ActiveCfg = Release|Any CPU
		{9B22D840-161B-4420-93D5-DC287F9698E6}.Release|Any CPU.Build.0 = Release|Any CPU
		{A641CD7F-B55F-4BD7-AAF6-4F0C750804A6}.Debug|Any CPU.ActiveCfg = Debug|Any CPU
		{A641CD7F-B55F-4BD7-AAF6-4F0C750804A6}.Debug|Any CPU.Build.0 = Debug|Any CPU
		{A641CD7F-B55F-4BD7-AAF6-4F0C750804A6}.Release|Any CPU.ActiveCfg = Release|Any CPU
		{A641CD7F-B55F-4BD7-AAF6-4F0C750804A6}.Release|Any CPU.Build.0 = Release|Any CPU
		{0C2F3146-078C-48E4-9C71-E799BD87D676}.Debug|Any CPU.ActiveCfg = Debug|Any CPU
		{0C2F3146-078C-48E4-9C71-E799BD87D676}.Debug|Any CPU.Build.0 = Debug|Any CPU
		{0C2F3146-078C-48E4-9C71-E799BD87D676}.Release|Any CPU.ActiveCfg = Release|Any CPU
		{0C2F3146-078C-48E4-9C71-E799BD87D676}.Release|Any CPU.Build.0 = Release|Any CPU
		{0E6BC089-517F-48B6-94A7-DA91AFECB453}.Debug|Any CPU.ActiveCfg = Debug|Any CPU
		{0E6BC089-517F-48B6-94A7-DA91AFECB453}.Debug|Any CPU.Build.0 = Debug|Any CPU
		{0E6BC089-517F-48B6-94A7-DA91AFECB453}.Release|Any CPU.ActiveCfg = Release|Any CPU
		{0E6BC089-517F-48B6-94A7-DA91AFECB453}.Release|Any CPU.Build.0 = Release|Any CPU
		{FDE7B59C-340B-4022-8B9F-320454ADB9B8}.Debug|Any CPU.ActiveCfg = Debug|Any CPU
		{FDE7B59C-340B-4022-8B9F-320454ADB9B8}.Debug|Any CPU.Build.0 = Debug|Any CPU
		{FDE7B59C-340B-4022-8B9F-320454ADB9B8}.Release|Any CPU.ActiveCfg = Release|Any CPU
		{FDE7B59C-340B-4022-8B9F-320454ADB9B8}.Release|Any CPU.Build.0 = Release|Any CPU
		{201EBF34-E3C6-45B9-ACC2-0B496405F928}.Debug|Any CPU.ActiveCfg = Debug|Any CPU
		{201EBF34-E3C6-45B9-ACC2-0B496405F928}.Debug|Any CPU.Build.0 = Debug|Any CPU
		{201EBF34-E3C6-45B9-ACC2-0B496405F928}.Release|Any CPU.ActiveCfg = Release|Any CPU
		{201EBF34-E3C6-45B9-ACC2-0B496405F928}.Release|Any CPU.Build.0 = Release|Any CPU
		{076DBF48-BA92-4379-B24D-C3055A3D9E3F}.Debug|Any CPU.ActiveCfg = Debug|Any CPU
		{076DBF48-BA92-4379-B24D-C3055A3D9E3F}.Debug|Any CPU.Build.0 = Debug|Any CPU
		{076DBF48-BA92-4379-B24D-C3055A3D9E3F}.Release|Any CPU.ActiveCfg = Release|Any CPU
		{076DBF48-BA92-4379-B24D-C3055A3D9E3F}.Release|Any CPU.Build.0 = Release|Any CPU
		{FEF565E6-810F-4C95-B5DE-E9C1CB2AE0AA}.Debug|Any CPU.ActiveCfg = Debug|Any CPU
		{FEF565E6-810F-4C95-B5DE-E9C1CB2AE0AA}.Debug|Any CPU.Build.0 = Debug|Any CPU
		{FEF565E6-810F-4C95-B5DE-E9C1CB2AE0AA}.Release|Any CPU.ActiveCfg = Release|Any CPU
		{FEF565E6-810F-4C95-B5DE-E9C1CB2AE0AA}.Release|Any CPU.Build.0 = Release|Any CPU
		{7941F0A0-6E1C-41FB-B92A-955EA23309A5}.Debug|Any CPU.ActiveCfg = Debug|Any CPU
		{7941F0A0-6E1C-41FB-B92A-955EA23309A5}.Debug|Any CPU.Build.0 = Debug|Any CPU
		{7941F0A0-6E1C-41FB-B92A-955EA23309A5}.Release|Any CPU.ActiveCfg = Release|Any CPU
		{7941F0A0-6E1C-41FB-B92A-955EA23309A5}.Release|Any CPU.Build.0 = Release|Any CPU
		{41F9C88D-3315-42B5-843B-4E2BACF02301}.Debug|Any CPU.ActiveCfg = Debug|Any CPU
		{41F9C88D-3315-42B5-843B-4E2BACF02301}.Debug|Any CPU.Build.0 = Debug|Any CPU
		{41F9C88D-3315-42B5-843B-4E2BACF02301}.Release|Any CPU.ActiveCfg = Release|Any CPU
		{41F9C88D-3315-42B5-843B-4E2BACF02301}.Release|Any CPU.Build.0 = Release|Any CPU
		{9B8417D7-42E6-4343-9CEB-360CBB1AAD99}.Debug|Any CPU.ActiveCfg = Debug|Any CPU
		{9B8417D7-42E6-4343-9CEB-360CBB1AAD99}.Debug|Any CPU.Build.0 = Debug|Any CPU
		{9B8417D7-42E6-4343-9CEB-360CBB1AAD99}.Release|Any CPU.ActiveCfg = Release|Any CPU
		{9B8417D7-42E6-4343-9CEB-360CBB1AAD99}.Release|Any CPU.Build.0 = Release|Any CPU
		{4C42BC38-E20E-47BC-9AAB-CA1861D220B7}.Debug|Any CPU.ActiveCfg = Debug|Any CPU
		{4C42BC38-E20E-47BC-9AAB-CA1861D220B7}.Debug|Any CPU.Build.0 = Debug|Any CPU
		{4C42BC38-E20E-47BC-9AAB-CA1861D220B7}.Release|Any CPU.ActiveCfg = Release|Any CPU
		{4C42BC38-E20E-47BC-9AAB-CA1861D220B7}.Release|Any CPU.Build.0 = Release|Any CPU
		{02E6F211-8E9A-4EEA-AD0F-18A42E4A03C1}.Debug|Any CPU.ActiveCfg = Debug|Any CPU
		{02E6F211-8E9A-4EEA-AD0F-18A42E4A03C1}.Debug|Any CPU.Build.0 = Debug|Any CPU
		{02E6F211-8E9A-4EEA-AD0F-18A42E4A03C1}.Release|Any CPU.ActiveCfg = Release|Any CPU
		{02E6F211-8E9A-4EEA-AD0F-18A42E4A03C1}.Release|Any CPU.Build.0 = Release|Any CPU
		{142BCE50-C4D4-48F2-88A8-1FAB15D733FC}.Debug|Any CPU.ActiveCfg = Debug|Any CPU
		{142BCE50-C4D4-48F2-88A8-1FAB15D733FC}.Debug|Any CPU.Build.0 = Debug|Any CPU
		{142BCE50-C4D4-48F2-88A8-1FAB15D733FC}.Release|Any CPU.ActiveCfg = Release|Any CPU
		{142BCE50-C4D4-48F2-88A8-1FAB15D733FC}.Release|Any CPU.Build.0 = Release|Any CPU
		{EB37D797-92C9-4B35-909C-9FD51F15D372}.Debug|Any CPU.ActiveCfg = Debug|Any CPU
		{EB37D797-92C9-4B35-909C-9FD51F15D372}.Debug|Any CPU.Build.0 = Debug|Any CPU
		{EB37D797-92C9-4B35-909C-9FD51F15D372}.Release|Any CPU.ActiveCfg = Release|Any CPU
		{EB37D797-92C9-4B35-909C-9FD51F15D372}.Release|Any CPU.Build.0 = Release|Any CPU
		{B5B305E4-D93C-468C-872D-9EBFD4711C0D}.Debug|Any CPU.ActiveCfg = Debug|Any CPU
		{B5B305E4-D93C-468C-872D-9EBFD4711C0D}.Debug|Any CPU.Build.0 = Debug|Any CPU
		{B5B305E4-D93C-468C-872D-9EBFD4711C0D}.Release|Any CPU.ActiveCfg = Release|Any CPU
		{B5B305E4-D93C-468C-872D-9EBFD4711C0D}.Release|Any CPU.Build.0 = Release|Any CPU
		{7BFE94CC-6411-4160-A8EE-184394049DFF}.Debug|Any CPU.ActiveCfg = Debug|Any CPU
		{7BFE94CC-6411-4160-A8EE-184394049DFF}.Debug|Any CPU.Build.0 = Debug|Any CPU
		{7BFE94CC-6411-4160-A8EE-184394049DFF}.Release|Any CPU.ActiveCfg = Release|Any CPU
		{7BFE94CC-6411-4160-A8EE-184394049DFF}.Release|Any CPU.Build.0 = Release|Any CPU
		{FB3726D2-EDDE-4E1C-933A-7EA67DCE43A7}.Debug|Any CPU.ActiveCfg = Debug|Any CPU
		{FB3726D2-EDDE-4E1C-933A-7EA67DCE43A7}.Debug|Any CPU.Build.0 = Debug|Any CPU
		{FB3726D2-EDDE-4E1C-933A-7EA67DCE43A7}.Release|Any CPU.ActiveCfg = Release|Any CPU
		{FB3726D2-EDDE-4E1C-933A-7EA67DCE43A7}.Release|Any CPU.Build.0 = Release|Any CPU
		{BEDBB5B8-C411-4CFA-AE3D-10208491DD12}.Debug|Any CPU.ActiveCfg = Debug|Any CPU
		{BEDBB5B8-C411-4CFA-AE3D-10208491DD12}.Debug|Any CPU.Build.0 = Debug|Any CPU
		{BEDBB5B8-C411-4CFA-AE3D-10208491DD12}.Release|Any CPU.ActiveCfg = Release|Any CPU
		{BEDBB5B8-C411-4CFA-AE3D-10208491DD12}.Release|Any CPU.Build.0 = Release|Any CPU
		{4D2FFFC4-0B1B-4C60-8B6E-4A31A124933A}.Debug|Any CPU.ActiveCfg = Debug|Any CPU
		{4D2FFFC4-0B1B-4C60-8B6E-4A31A124933A}.Debug|Any CPU.Build.0 = Debug|Any CPU
		{4D2FFFC4-0B1B-4C60-8B6E-4A31A124933A}.Release|Any CPU.ActiveCfg = Release|Any CPU
		{4D2FFFC4-0B1B-4C60-8B6E-4A31A124933A}.Release|Any CPU.Build.0 = Release|Any CPU
		{5B9A6247-2E77-40BD-98D7-4D36568F9B12}.Debug|Any CPU.ActiveCfg = Debug|Any CPU
		{5B9A6247-2E77-40BD-98D7-4D36568F9B12}.Debug|Any CPU.Build.0 = Debug|Any CPU
		{5B9A6247-2E77-40BD-98D7-4D36568F9B12}.Release|Any CPU.ActiveCfg = Release|Any CPU
		{5B9A6247-2E77-40BD-98D7-4D36568F9B12}.Release|Any CPU.Build.0 = Release|Any CPU
		{D57C5941-55EA-4EF9-9C8D-6A8BDB96636F}.Debug|Any CPU.ActiveCfg = Debug|Any CPU
		{D57C5941-55EA-4EF9-9C8D-6A8BDB96636F}.Debug|Any CPU.Build.0 = Debug|Any CPU
		{D57C5941-55EA-4EF9-9C8D-6A8BDB96636F}.Release|Any CPU.ActiveCfg = Release|Any CPU
		{D57C5941-55EA-4EF9-9C8D-6A8BDB96636F}.Release|Any CPU.Build.0 = Release|Any CPU
		{4E20A4CE-FE99-4C1F-9BD2-A40FE8B0EFFB}.Debug|Any CPU.ActiveCfg = Debug|Any CPU
		{4E20A4CE-FE99-4C1F-9BD2-A40FE8B0EFFB}.Debug|Any CPU.Build.0 = Debug|Any CPU
		{4E20A4CE-FE99-4C1F-9BD2-A40FE8B0EFFB}.Release|Any CPU.ActiveCfg = Release|Any CPU
		{4E20A4CE-FE99-4C1F-9BD2-A40FE8B0EFFB}.Release|Any CPU.Build.0 = Release|Any CPU
		{D619498A-1ED0-4548-ABFC-6187B8BF6D65}.Debug|Any CPU.ActiveCfg = Debug|Any CPU
		{D619498A-1ED0-4548-ABFC-6187B8BF6D65}.Debug|Any CPU.Build.0 = Debug|Any CPU
		{D619498A-1ED0-4548-ABFC-6187B8BF6D65}.Release|Any CPU.ActiveCfg = Release|Any CPU
		{D619498A-1ED0-4548-ABFC-6187B8BF6D65}.Release|Any CPU.Build.0 = Release|Any CPU
		{89D5A29F-5760-4507-BC20-5921C79D7324}.Debug|Any CPU.ActiveCfg = Debug|Any CPU
		{89D5A29F-5760-4507-BC20-5921C79D7324}.Debug|Any CPU.Build.0 = Debug|Any CPU
		{89D5A29F-5760-4507-BC20-5921C79D7324}.Release|Any CPU.ActiveCfg = Release|Any CPU
		{89D5A29F-5760-4507-BC20-5921C79D7324}.Release|Any CPU.Build.0 = Release|Any CPU
		{C6A85DAF-08D5-4FCB-9080-3D3545F8874E}.Debug|Any CPU.ActiveCfg = Debug|Any CPU
		{C6A85DAF-08D5-4FCB-9080-3D3545F8874E}.Debug|Any CPU.Build.0 = Debug|Any CPU
		{C6A85DAF-08D5-4FCB-9080-3D3545F8874E}.Release|Any CPU.ActiveCfg = Release|Any CPU
		{C6A85DAF-08D5-4FCB-9080-3D3545F8874E}.Release|Any CPU.Build.0 = Release|Any CPU
		{66DEF682-3C47-4A1D-AA03-D3931A2C90F5}.Debug|Any CPU.ActiveCfg = Debug|Any CPU
		{66DEF682-3C47-4A1D-AA03-D3931A2C90F5}.Debug|Any CPU.Build.0 = Debug|Any CPU
		{66DEF682-3C47-4A1D-AA03-D3931A2C90F5}.Release|Any CPU.ActiveCfg = Release|Any CPU
		{66DEF682-3C47-4A1D-AA03-D3931A2C90F5}.Release|Any CPU.Build.0 = Release|Any CPU
		{91A6F0EE-5945-4E6C-A8C0-7CD75D572EA1}.Debug|Any CPU.ActiveCfg = Debug|Any CPU
		{91A6F0EE-5945-4E6C-A8C0-7CD75D572EA1}.Debug|Any CPU.Build.0 = Debug|Any CPU
		{91A6F0EE-5945-4E6C-A8C0-7CD75D572EA1}.Release|Any CPU.ActiveCfg = Release|Any CPU
		{91A6F0EE-5945-4E6C-A8C0-7CD75D572EA1}.Release|Any CPU.Build.0 = Release|Any CPU
		{917478A5-2874-44D7-A5FD-85C4D06E314B}.Debug|Any CPU.ActiveCfg = Debug|Any CPU
		{917478A5-2874-44D7-A5FD-85C4D06E314B}.Debug|Any CPU.Build.0 = Debug|Any CPU
		{917478A5-2874-44D7-A5FD-85C4D06E314B}.Release|Any CPU.ActiveCfg = Release|Any CPU
		{917478A5-2874-44D7-A5FD-85C4D06E314B}.Release|Any CPU.Build.0 = Release|Any CPU
		{9F9B4F6D-B4A1-42D0-8A4C-135675CD1700}.Debug|Any CPU.ActiveCfg = Debug|Any CPU
		{9F9B4F6D-B4A1-42D0-8A4C-135675CD1700}.Debug|Any CPU.Build.0 = Debug|Any CPU
		{9F9B4F6D-B4A1-42D0-8A4C-135675CD1700}.Release|Any CPU.ActiveCfg = Release|Any CPU
		{9F9B4F6D-B4A1-42D0-8A4C-135675CD1700}.Release|Any CPU.Build.0 = Release|Any CPU
		{D38365AB-DF35-4811-8265-B16FA8C82005}.Debug|Any CPU.ActiveCfg = Debug|Any CPU
		{D38365AB-DF35-4811-8265-B16FA8C82005}.Debug|Any CPU.Build.0 = Debug|Any CPU
		{D38365AB-DF35-4811-8265-B16FA8C82005}.Release|Any CPU.ActiveCfg = Release|Any CPU
		{D38365AB-DF35-4811-8265-B16FA8C82005}.Release|Any CPU.Build.0 = Release|Any CPU
		{F50F406A-B287-4559-BF4F-A5BE16C4625E}.Debug|Any CPU.ActiveCfg = Debug|Any CPU
		{F50F406A-B287-4559-BF4F-A5BE16C4625E}.Debug|Any CPU.Build.0 = Debug|Any CPU
		{F50F406A-B287-4559-BF4F-A5BE16C4625E}.Release|Any CPU.ActiveCfg = Release|Any CPU
		{F50F406A-B287-4559-BF4F-A5BE16C4625E}.Release|Any CPU.Build.0 = Release|Any CPU
		{AB1324E9-C26F-4EEF-A844-16D39A3B621A}.Debug|Any CPU.ActiveCfg = Debug|Any CPU
		{AB1324E9-C26F-4EEF-A844-16D39A3B621A}.Debug|Any CPU.Build.0 = Debug|Any CPU
		{AB1324E9-C26F-4EEF-A844-16D39A3B621A}.Release|Any CPU.ActiveCfg = Release|Any CPU
		{AB1324E9-C26F-4EEF-A844-16D39A3B621A}.Release|Any CPU.Build.0 = Release|Any CPU
		{876AC342-9537-403C-B02D-16D2E8CA26EF}.Debug|Any CPU.ActiveCfg = Debug|Any CPU
		{876AC342-9537-403C-B02D-16D2E8CA26EF}.Debug|Any CPU.Build.0 = Debug|Any CPU
		{876AC342-9537-403C-B02D-16D2E8CA26EF}.Release|Any CPU.ActiveCfg = Release|Any CPU
		{876AC342-9537-403C-B02D-16D2E8CA26EF}.Release|Any CPU.Build.0 = Release|Any CPU
		{F8C3D542-2B41-42A5-95E1-BE1773D9478C}.Debug|Any CPU.ActiveCfg = Debug|Any CPU
		{F8C3D542-2B41-42A5-95E1-BE1773D9478C}.Debug|Any CPU.Build.0 = Debug|Any CPU
		{F8C3D542-2B41-42A5-95E1-BE1773D9478C}.Release|Any CPU.ActiveCfg = Release|Any CPU
		{F8C3D542-2B41-42A5-95E1-BE1773D9478C}.Release|Any CPU.Build.0 = Release|Any CPU
		{D07DDC80-0485-408C-A9FD-893AD548DEDC}.Debug|Any CPU.ActiveCfg = Debug|Any CPU
		{D07DDC80-0485-408C-A9FD-893AD548DEDC}.Debug|Any CPU.Build.0 = Debug|Any CPU
		{D07DDC80-0485-408C-A9FD-893AD548DEDC}.Release|Any CPU.ActiveCfg = Release|Any CPU
		{D07DDC80-0485-408C-A9FD-893AD548DEDC}.Release|Any CPU.Build.0 = Release|Any CPU
		{F9DCB46A-276D-4426-85DD-C3582203E584}.Debug|Any CPU.ActiveCfg = Debug|Any CPU
		{F9DCB46A-276D-4426-85DD-C3582203E584}.Debug|Any CPU.Build.0 = Debug|Any CPU
		{F9DCB46A-276D-4426-85DD-C3582203E584}.Release|Any CPU.ActiveCfg = Release|Any CPU
		{F9DCB46A-276D-4426-85DD-C3582203E584}.Release|Any CPU.Build.0 = Release|Any CPU
		{B552EA25-6FC1-4722-A0BD-398D67EFFFEF}.Debug|Any CPU.ActiveCfg = Debug|Any CPU
		{B552EA25-6FC1-4722-A0BD-398D67EFFFEF}.Debug|Any CPU.Build.0 = Debug|Any CPU
		{B552EA25-6FC1-4722-A0BD-398D67EFFFEF}.Release|Any CPU.ActiveCfg = Release|Any CPU
		{B552EA25-6FC1-4722-A0BD-398D67EFFFEF}.Release|Any CPU.Build.0 = Release|Any CPU
		{B4EEC29D-2AD1-41F0-867E-F59A5B3D476D}.Debug|Any CPU.ActiveCfg = Debug|Any CPU
		{B4EEC29D-2AD1-41F0-867E-F59A5B3D476D}.Debug|Any CPU.Build.0 = Debug|Any CPU
		{B4EEC29D-2AD1-41F0-867E-F59A5B3D476D}.Release|Any CPU.ActiveCfg = Release|Any CPU
		{B4EEC29D-2AD1-41F0-867E-F59A5B3D476D}.Release|Any CPU.Build.0 = Release|Any CPU
		{D9C3E384-D6EC-44A3-BD9D-B3A603054098}.Debug|Any CPU.ActiveCfg = Debug|Any CPU
		{D9C3E384-D6EC-44A3-BD9D-B3A603054098}.Debug|Any CPU.Build.0 = Debug|Any CPU
		{D9C3E384-D6EC-44A3-BD9D-B3A603054098}.Release|Any CPU.ActiveCfg = Release|Any CPU
		{D9C3E384-D6EC-44A3-BD9D-B3A603054098}.Release|Any CPU.Build.0 = Release|Any CPU
		{C6C0465E-EC95-4C88-80D5-AB0376A5F590}.Debug|Any CPU.ActiveCfg = Debug|Any CPU
		{C6C0465E-EC95-4C88-80D5-AB0376A5F590}.Debug|Any CPU.Build.0 = Debug|Any CPU
		{C6C0465E-EC95-4C88-80D5-AB0376A5F590}.Release|Any CPU.ActiveCfg = Release|Any CPU
		{C6C0465E-EC95-4C88-80D5-AB0376A5F590}.Release|Any CPU.Build.0 = Release|Any CPU
		{78C777C8-2E6A-48D4-9700-7544F20D96CC}.Debug|Any CPU.ActiveCfg = Debug|Any CPU
		{78C777C8-2E6A-48D4-9700-7544F20D96CC}.Debug|Any CPU.Build.0 = Debug|Any CPU
		{78C777C8-2E6A-48D4-9700-7544F20D96CC}.Release|Any CPU.ActiveCfg = Release|Any CPU
		{78C777C8-2E6A-48D4-9700-7544F20D96CC}.Release|Any CPU.Build.0 = Release|Any CPU
		{FCE0DB69-A2C2-4EE1-B9C4-EFF1142F015D}.Debug|Any CPU.ActiveCfg = Debug|Any CPU
		{FCE0DB69-A2C2-4EE1-B9C4-EFF1142F015D}.Debug|Any CPU.Build.0 = Debug|Any CPU
		{FCE0DB69-A2C2-4EE1-B9C4-EFF1142F015D}.Release|Any CPU.ActiveCfg = Release|Any CPU
		{FCE0DB69-A2C2-4EE1-B9C4-EFF1142F015D}.Release|Any CPU.Build.0 = Release|Any CPU
		{853A4DDA-CB2D-4470-956D-83939E97794B}.Debug|Any CPU.ActiveCfg = Debug|Any CPU
		{853A4DDA-CB2D-4470-956D-83939E97794B}.Debug|Any CPU.Build.0 = Debug|Any CPU
		{853A4DDA-CB2D-4470-956D-83939E97794B}.Release|Any CPU.ActiveCfg = Release|Any CPU
		{853A4DDA-CB2D-4470-956D-83939E97794B}.Release|Any CPU.Build.0 = Release|Any CPU
		{3425B90F-ED5F-4A48-93B8-70C6D16125C7}.Debug|Any CPU.ActiveCfg = Debug|Any CPU
		{3425B90F-ED5F-4A48-93B8-70C6D16125C7}.Debug|Any CPU.Build.0 = Debug|Any CPU
		{3425B90F-ED5F-4A48-93B8-70C6D16125C7}.Release|Any CPU.ActiveCfg = Release|Any CPU
		{3425B90F-ED5F-4A48-93B8-70C6D16125C7}.Release|Any CPU.Build.0 = Release|Any CPU
		{B4468F53-533F-4C56-8A44-A452CF875F54}.Debug|Any CPU.ActiveCfg = Debug|Any CPU
		{B4468F53-533F-4C56-8A44-A452CF875F54}.Debug|Any CPU.Build.0 = Debug|Any CPU
		{B4468F53-533F-4C56-8A44-A452CF875F54}.Release|Any CPU.ActiveCfg = Release|Any CPU
		{B4468F53-533F-4C56-8A44-A452CF875F54}.Release|Any CPU.Build.0 = Release|Any CPU
		{9874A8D1-EEBC-4166-A26B-32D93CAD293A}.Debug|Any CPU.ActiveCfg = Debug|Any CPU
		{9874A8D1-EEBC-4166-A26B-32D93CAD293A}.Debug|Any CPU.Build.0 = Debug|Any CPU
		{9874A8D1-EEBC-4166-A26B-32D93CAD293A}.Release|Any CPU.ActiveCfg = Release|Any CPU
		{9874A8D1-EEBC-4166-A26B-32D93CAD293A}.Release|Any CPU.Build.0 = Release|Any CPU
		{BF01DE51-0938-48E1-945D-5A0D67A5E2E7}.Debug|Any CPU.ActiveCfg = Debug|Any CPU
		{BF01DE51-0938-48E1-945D-5A0D67A5E2E7}.Debug|Any CPU.Build.0 = Debug|Any CPU
		{BF01DE51-0938-48E1-945D-5A0D67A5E2E7}.Release|Any CPU.ActiveCfg = Release|Any CPU
		{BF01DE51-0938-48E1-945D-5A0D67A5E2E7}.Release|Any CPU.Build.0 = Release|Any CPU
		{E609AA40-F1F0-46C7-A3A3-0027469897B5}.Debug|Any CPU.ActiveCfg = Debug|Any CPU
		{E609AA40-F1F0-46C7-A3A3-0027469897B5}.Debug|Any CPU.Build.0 = Debug|Any CPU
		{E609AA40-F1F0-46C7-A3A3-0027469897B5}.Release|Any CPU.ActiveCfg = Release|Any CPU
		{E609AA40-F1F0-46C7-A3A3-0027469897B5}.Release|Any CPU.Build.0 = Release|Any CPU
		{CC2864A6-9C4E-4ED9-B78B-9A21EB3485C0}.Debug|Any CPU.ActiveCfg = Debug|Any CPU
		{CC2864A6-9C4E-4ED9-B78B-9A21EB3485C0}.Debug|Any CPU.Build.0 = Debug|Any CPU
		{CC2864A6-9C4E-4ED9-B78B-9A21EB3485C0}.Release|Any CPU.ActiveCfg = Release|Any CPU
		{CC2864A6-9C4E-4ED9-B78B-9A21EB3485C0}.Release|Any CPU.Build.0 = Release|Any CPU
		{2E928043-172D-4446-8DC5-EC13D3734915}.Debug|Any CPU.ActiveCfg = Debug|Any CPU
		{2E928043-172D-4446-8DC5-EC13D3734915}.Debug|Any CPU.Build.0 = Debug|Any CPU
		{2E928043-172D-4446-8DC5-EC13D3734915}.Release|Any CPU.ActiveCfg = Release|Any CPU
		{2E928043-172D-4446-8DC5-EC13D3734915}.Release|Any CPU.Build.0 = Release|Any CPU
		{1C27BF6D-2E76-4C82-BDF0-C3F91925E080}.Debug|Any CPU.ActiveCfg = Debug|Any CPU
		{1C27BF6D-2E76-4C82-BDF0-C3F91925E080}.Debug|Any CPU.Build.0 = Debug|Any CPU
		{1C27BF6D-2E76-4C82-BDF0-C3F91925E080}.Release|Any CPU.ActiveCfg = Release|Any CPU
		{1C27BF6D-2E76-4C82-BDF0-C3F91925E080}.Release|Any CPU.Build.0 = Release|Any CPU
		{D9B4A22D-B3C6-4CC0-B048-2E91D452FBF2}.Debug|Any CPU.ActiveCfg = Debug|Any CPU
		{D9B4A22D-B3C6-4CC0-B048-2E91D452FBF2}.Debug|Any CPU.Build.0 = Debug|Any CPU
		{D9B4A22D-B3C6-4CC0-B048-2E91D452FBF2}.Release|Any CPU.ActiveCfg = Release|Any CPU
		{D9B4A22D-B3C6-4CC0-B048-2E91D452FBF2}.Release|Any CPU.Build.0 = Release|Any CPU
		{D8DD9AD8-2452-4726-AECE-09B04BCF6507}.Debug|Any CPU.ActiveCfg = Debug|Any CPU
		{D8DD9AD8-2452-4726-AECE-09B04BCF6507}.Debug|Any CPU.Build.0 = Debug|Any CPU
		{D8DD9AD8-2452-4726-AECE-09B04BCF6507}.Release|Any CPU.ActiveCfg = Release|Any CPU
		{D8DD9AD8-2452-4726-AECE-09B04BCF6507}.Release|Any CPU.Build.0 = Release|Any CPU
		{58F5A46E-98BE-4214-B44D-5A51800674DC}.Debug|Any CPU.ActiveCfg = Debug|Any CPU
		{58F5A46E-98BE-4214-B44D-5A51800674DC}.Debug|Any CPU.Build.0 = Debug|Any CPU
		{58F5A46E-98BE-4214-B44D-5A51800674DC}.Release|Any CPU.ActiveCfg = Release|Any CPU
		{58F5A46E-98BE-4214-B44D-5A51800674DC}.Release|Any CPU.Build.0 = Release|Any CPU
		{A547DEF0-4325-4952-B1D0-31110CF7F392}.Debug|Any CPU.ActiveCfg = Debug|Any CPU
		{A547DEF0-4325-4952-B1D0-31110CF7F392}.Debug|Any CPU.Build.0 = Debug|Any CPU
		{A547DEF0-4325-4952-B1D0-31110CF7F392}.Release|Any CPU.ActiveCfg = Release|Any CPU
		{A547DEF0-4325-4952-B1D0-31110CF7F392}.Release|Any CPU.Build.0 = Release|Any CPU
		{5DD8AB47-134B-44D3-8D1E-944D539D2415}.Debug|Any CPU.ActiveCfg = Debug|Any CPU
		{5DD8AB47-134B-44D3-8D1E-944D539D2415}.Debug|Any CPU.Build.0 = Debug|Any CPU
		{5DD8AB47-134B-44D3-8D1E-944D539D2415}.Release|Any CPU.ActiveCfg = Release|Any CPU
		{5DD8AB47-134B-44D3-8D1E-944D539D2415}.Release|Any CPU.Build.0 = Release|Any CPU
		{1FF416D3-A815-4747-A8A5-7A5498C862AC}.Debug|Any CPU.ActiveCfg = Debug|Any CPU
		{1FF416D3-A815-4747-A8A5-7A5498C862AC}.Debug|Any CPU.Build.0 = Debug|Any CPU
		{1FF416D3-A815-4747-A8A5-7A5498C862AC}.Release|Any CPU.ActiveCfg = Release|Any CPU
		{1FF416D3-A815-4747-A8A5-7A5498C862AC}.Release|Any CPU.Build.0 = Release|Any CPU
		{7754D756-2D80-41F8-A982-6D60ECC86BD7}.Debug|Any CPU.ActiveCfg = Debug|Any CPU
		{7754D756-2D80-41F8-A982-6D60ECC86BD7}.Debug|Any CPU.Build.0 = Debug|Any CPU
		{7754D756-2D80-41F8-A982-6D60ECC86BD7}.Release|Any CPU.ActiveCfg = Release|Any CPU
		{7754D756-2D80-41F8-A982-6D60ECC86BD7}.Release|Any CPU.Build.0 = Release|Any CPU
		{22DACAA2-53B0-463D-B943-2B0E3C84F247}.Debug|Any CPU.ActiveCfg = Debug|Any CPU
		{22DACAA2-53B0-463D-B943-2B0E3C84F247}.Debug|Any CPU.Build.0 = Debug|Any CPU
		{22DACAA2-53B0-463D-B943-2B0E3C84F247}.Release|Any CPU.ActiveCfg = Release|Any CPU
		{22DACAA2-53B0-463D-B943-2B0E3C84F247}.Release|Any CPU.Build.0 = Release|Any CPU
		{86C3450A-FA38-4B06-82F3-21B7357BB509}.Debug|Any CPU.ActiveCfg = Debug|Any CPU
		{86C3450A-FA38-4B06-82F3-21B7357BB509}.Debug|Any CPU.Build.0 = Debug|Any CPU
		{86C3450A-FA38-4B06-82F3-21B7357BB509}.Release|Any CPU.ActiveCfg = Release|Any CPU
		{86C3450A-FA38-4B06-82F3-21B7357BB509}.Release|Any CPU.Build.0 = Release|Any CPU
		{91F806B9-022D-45A7-9BF3-294894A84458}.Debug|Any CPU.ActiveCfg = Debug|Any CPU
		{91F806B9-022D-45A7-9BF3-294894A84458}.Debug|Any CPU.Build.0 = Debug|Any CPU
		{91F806B9-022D-45A7-9BF3-294894A84458}.Release|Any CPU.ActiveCfg = Release|Any CPU
		{91F806B9-022D-45A7-9BF3-294894A84458}.Release|Any CPU.Build.0 = Release|Any CPU
		{DB58DB31-8307-40FF-AFBC-33249E0044EA}.Debug|Any CPU.ActiveCfg = Debug|Any CPU
		{DB58DB31-8307-40FF-AFBC-33249E0044EA}.Debug|Any CPU.Build.0 = Debug|Any CPU
		{DB58DB31-8307-40FF-AFBC-33249E0044EA}.Release|Any CPU.ActiveCfg = Release|Any CPU
		{DB58DB31-8307-40FF-AFBC-33249E0044EA}.Release|Any CPU.Build.0 = Release|Any CPU
		{811EB30F-5015-4F72-BF95-01E77E5B7F6E}.Debug|Any CPU.ActiveCfg = Debug|Any CPU
		{811EB30F-5015-4F72-BF95-01E77E5B7F6E}.Debug|Any CPU.Build.0 = Debug|Any CPU
		{811EB30F-5015-4F72-BF95-01E77E5B7F6E}.Release|Any CPU.ActiveCfg = Release|Any CPU
		{811EB30F-5015-4F72-BF95-01E77E5B7F6E}.Release|Any CPU.Build.0 = Release|Any CPU
		{D8B8A132-BF82-43D9-B6FF-1C30BDD20AD7}.Debug|Any CPU.ActiveCfg = Debug|Any CPU
		{D8B8A132-BF82-43D9-B6FF-1C30BDD20AD7}.Debug|Any CPU.Build.0 = Debug|Any CPU
		{D8B8A132-BF82-43D9-B6FF-1C30BDD20AD7}.Release|Any CPU.ActiveCfg = Release|Any CPU
		{D8B8A132-BF82-43D9-B6FF-1C30BDD20AD7}.Release|Any CPU.Build.0 = Release|Any CPU
		{C3EC4767-5BB3-4C3E-A53C-FDF11C0DC69D}.Debug|Any CPU.ActiveCfg = Debug|Any CPU
		{C3EC4767-5BB3-4C3E-A53C-FDF11C0DC69D}.Debug|Any CPU.Build.0 = Debug|Any CPU
		{C3EC4767-5BB3-4C3E-A53C-FDF11C0DC69D}.Release|Any CPU.ActiveCfg = Release|Any CPU
		{C3EC4767-5BB3-4C3E-A53C-FDF11C0DC69D}.Release|Any CPU.Build.0 = Release|Any CPU
	EndGlobalSection
	GlobalSection(SolutionProperties) = preSolution
		HideSolutionNode = FALSE
	EndGlobalSection
	GlobalSection(NestedProjects) = preSolution
		{7FDC5902-B163-49A1-878F-37C24DB3316F} = {21BCFBA4-DCEA-45F8-88EE-7D6C988EAD31}
		{982CA72B-78FF-44CA-9939-AB2257A8FE32} = {21BCFBA4-DCEA-45F8-88EE-7D6C988EAD31}
		{E349C302-78B6-40B9-B91D-FF5268104CBF} = {21BCFBA4-DCEA-45F8-88EE-7D6C988EAD31}
		{A683DAFB-C1B5-46FD-9B2C-47A97B5513E1} = {96A7207D-457A-4906-ADC4-5A8D4BD52A29}
		{D2823E50-352D-438A-B1F4-839BF734E9BE} = {96A7207D-457A-4906-ADC4-5A8D4BD52A29}
		{184D6188-F15A-4473-A2E9-A2DB05FE4890} = {96A7207D-457A-4906-ADC4-5A8D4BD52A29}
		{E5904294-45E5-4D60-BF4C-426C28428AF4} = {96A7207D-457A-4906-ADC4-5A8D4BD52A29}
		{91F61FF9-A391-44B1-90E3-3FDC23633C14} = {96A7207D-457A-4906-ADC4-5A8D4BD52A29}
		{D73276CB-4391-40BC-8335-34F2E11B54C8} = {F5D88350-50A9-4548-8376-C501D0EF91F0}
		{EDB9976A-A42F-4BBB-B26C-90DCF36D12DB} = {F5D88350-50A9-4548-8376-C501D0EF91F0}
		{07DEC892-3BD7-47B8-95AA-6D2B24899475} = {F5D88350-50A9-4548-8376-C501D0EF91F0}
		{9B22D840-161B-4420-93D5-DC287F9698E6} = {F5D88350-50A9-4548-8376-C501D0EF91F0}
		{A641CD7F-B55F-4BD7-AAF6-4F0C750804A6} = {F5D88350-50A9-4548-8376-C501D0EF91F0}
		{0C2F3146-078C-48E4-9C71-E799BD87D676} = {F5D88350-50A9-4548-8376-C501D0EF91F0}
		{0E6BC089-517F-48B6-94A7-DA91AFECB453} = {F5D88350-50A9-4548-8376-C501D0EF91F0}
		{FDE7B59C-340B-4022-8B9F-320454ADB9B8} = {F5D88350-50A9-4548-8376-C501D0EF91F0}
		{201EBF34-E3C6-45B9-ACC2-0B496405F928} = {F5D88350-50A9-4548-8376-C501D0EF91F0}
		{076DBF48-BA92-4379-B24D-C3055A3D9E3F} = {F5D88350-50A9-4548-8376-C501D0EF91F0}
		{FEF565E6-810F-4C95-B5DE-E9C1CB2AE0AA} = {F5D88350-50A9-4548-8376-C501D0EF91F0}
		{7941F0A0-6E1C-41FB-B92A-955EA23309A5} = {F5D88350-50A9-4548-8376-C501D0EF91F0}
		{41F9C88D-3315-42B5-843B-4E2BACF02301} = {B304A911-866E-499C-B0EF-6C9BE1273D09}
		{9B8417D7-42E6-4343-9CEB-360CBB1AAD99} = {B304A911-866E-499C-B0EF-6C9BE1273D09}
		{4C42BC38-E20E-47BC-9AAB-CA1861D220B7} = {B304A911-866E-499C-B0EF-6C9BE1273D09}
		{02E6F211-8E9A-4EEA-AD0F-18A42E4A03C1} = {B304A911-866E-499C-B0EF-6C9BE1273D09}
		{142BCE50-C4D4-48F2-88A8-1FAB15D733FC} = {B304A911-866E-499C-B0EF-6C9BE1273D09}
		{EB37D797-92C9-4B35-909C-9FD51F15D372} = {B304A911-866E-499C-B0EF-6C9BE1273D09}
		{B5B305E4-D93C-468C-872D-9EBFD4711C0D} = {B304A911-866E-499C-B0EF-6C9BE1273D09}
		{7BFE94CC-6411-4160-A8EE-184394049DFF} = {B304A911-866E-499C-B0EF-6C9BE1273D09}
		{FB3726D2-EDDE-4E1C-933A-7EA67DCE43A7} = {B304A911-866E-499C-B0EF-6C9BE1273D09}
		{BEDBB5B8-C411-4CFA-AE3D-10208491DD12} = {B304A911-866E-499C-B0EF-6C9BE1273D09}
		{4D2FFFC4-0B1B-4C60-8B6E-4A31A124933A} = {B304A911-866E-499C-B0EF-6C9BE1273D09}
		{5B9A6247-2E77-40BD-98D7-4D36568F9B12} = {B304A911-866E-499C-B0EF-6C9BE1273D09}
		{D57C5941-55EA-4EF9-9C8D-6A8BDB96636F} = {B304A911-866E-499C-B0EF-6C9BE1273D09}
		{4E20A4CE-FE99-4C1F-9BD2-A40FE8B0EFFB} = {B304A911-866E-499C-B0EF-6C9BE1273D09}
		{D619498A-1ED0-4548-ABFC-6187B8BF6D65} = {B304A911-866E-499C-B0EF-6C9BE1273D09}
		{89D5A29F-5760-4507-BC20-5921C79D7324} = {623EEB7B-9E69-455F-9965-AC7A348F9829}
		{C6A85DAF-08D5-4FCB-9080-3D3545F8874E} = {623EEB7B-9E69-455F-9965-AC7A348F9829}
		{66DEF682-3C47-4A1D-AA03-D3931A2C90F5} = {623EEB7B-9E69-455F-9965-AC7A348F9829}
		{91A6F0EE-5945-4E6C-A8C0-7CD75D572EA1} = {623EEB7B-9E69-455F-9965-AC7A348F9829}
		{917478A5-2874-44D7-A5FD-85C4D06E314B} = {623EEB7B-9E69-455F-9965-AC7A348F9829}
		{9F9B4F6D-B4A1-42D0-8A4C-135675CD1700} = {623EEB7B-9E69-455F-9965-AC7A348F9829}
		{D38365AB-DF35-4811-8265-B16FA8C82005} = {623EEB7B-9E69-455F-9965-AC7A348F9829}
		{F50F406A-B287-4559-BF4F-A5BE16C4625E} = {623EEB7B-9E69-455F-9965-AC7A348F9829}
		{AB1324E9-C26F-4EEF-A844-16D39A3B621A} = {4EABF0E9-79E6-4BD2-8F44-071486C8C308}
		{876AC342-9537-403C-B02D-16D2E8CA26EF} = {4EABF0E9-79E6-4BD2-8F44-071486C8C308}
		{F8C3D542-2B41-42A5-95E1-BE1773D9478C} = {4EABF0E9-79E6-4BD2-8F44-071486C8C308}
		{D07DDC80-0485-408C-A9FD-893AD548DEDC} = {4EABF0E9-79E6-4BD2-8F44-071486C8C308}
		{F9DCB46A-276D-4426-85DD-C3582203E584} = {4EABF0E9-79E6-4BD2-8F44-071486C8C308}
		{B552EA25-6FC1-4722-A0BD-398D67EFFFEF} = {4EABF0E9-79E6-4BD2-8F44-071486C8C308}
		{B4EEC29D-2AD1-41F0-867E-F59A5B3D476D} = {4EABF0E9-79E6-4BD2-8F44-071486C8C308}
		{D9C3E384-D6EC-44A3-BD9D-B3A603054098} = {4EABF0E9-79E6-4BD2-8F44-071486C8C308}
		{C6C0465E-EC95-4C88-80D5-AB0376A5F590} = {4EABF0E9-79E6-4BD2-8F44-071486C8C308}
		{78C777C8-2E6A-48D4-9700-7544F20D96CC} = {DA89C83F-679B-4E73-B40B-94572787BCD9}
		{FCE0DB69-A2C2-4EE1-B9C4-EFF1142F015D} = {DA89C83F-679B-4E73-B40B-94572787BCD9}
		{853A4DDA-CB2D-4470-956D-83939E97794B} = {DA89C83F-679B-4E73-B40B-94572787BCD9}
		{3425B90F-ED5F-4A48-93B8-70C6D16125C7} = {DA89C83F-679B-4E73-B40B-94572787BCD9}
		{B4468F53-533F-4C56-8A44-A452CF875F54} = {DA89C83F-679B-4E73-B40B-94572787BCD9}
		{9874A8D1-EEBC-4166-A26B-32D93CAD293A} = {DA89C83F-679B-4E73-B40B-94572787BCD9}
		{BF01DE51-0938-48E1-945D-5A0D67A5E2E7} = {DA89C83F-679B-4E73-B40B-94572787BCD9}
		{E609AA40-F1F0-46C7-A3A3-0027469897B5} = {DA89C83F-679B-4E73-B40B-94572787BCD9}
		{CC2864A6-9C4E-4ED9-B78B-9A21EB3485C0} = {DA89C83F-679B-4E73-B40B-94572787BCD9}
		{2E928043-172D-4446-8DC5-EC13D3734915} = {DA89C83F-679B-4E73-B40B-94572787BCD9}
		{1C27BF6D-2E76-4C82-BDF0-C3F91925E080} = {DA89C83F-679B-4E73-B40B-94572787BCD9}
		{D9B4A22D-B3C6-4CC0-B048-2E91D452FBF2} = {DA89C83F-679B-4E73-B40B-94572787BCD9}
		{D8DD9AD8-2452-4726-AECE-09B04BCF6507} = {DA89C83F-679B-4E73-B40B-94572787BCD9}
		{58F5A46E-98BE-4214-B44D-5A51800674DC} = {DA89C83F-679B-4E73-B40B-94572787BCD9}
		{A547DEF0-4325-4952-B1D0-31110CF7F392} = {DA89C83F-679B-4E73-B40B-94572787BCD9}
		{5DD8AB47-134B-44D3-8D1E-944D539D2415} = {DA89C83F-679B-4E73-B40B-94572787BCD9}
		{1FF416D3-A815-4747-A8A5-7A5498C862AC} = {DA89C83F-679B-4E73-B40B-94572787BCD9}
		{7754D756-2D80-41F8-A982-6D60ECC86BD7} = {DA89C83F-679B-4E73-B40B-94572787BCD9}
		{22DACAA2-53B0-463D-B943-2B0E3C84F247} = {DA89C83F-679B-4E73-B40B-94572787BCD9}
		{86C3450A-FA38-4B06-82F3-21B7357BB509} = {7457C1BE-FBE6-4C3E-BD11-D6CA199331B1}
		{91F806B9-022D-45A7-9BF3-294894A84458} = {7457C1BE-FBE6-4C3E-BD11-D6CA199331B1}
		{DB58DB31-8307-40FF-AFBC-33249E0044EA} = {7457C1BE-FBE6-4C3E-BD11-D6CA199331B1}
		{811EB30F-5015-4F72-BF95-01E77E5B7F6E} = {7457C1BE-FBE6-4C3E-BD11-D6CA199331B1}
		{D8B8A132-BF82-43D9-B6FF-1C30BDD20AD7} = {7457C1BE-FBE6-4C3E-BD11-D6CA199331B1}
		{C3EC4767-5BB3-4C3E-A53C-FDF11C0DC69D} = {7457C1BE-FBE6-4C3E-BD11-D6CA199331B1}
	EndGlobalSection
EndGlobal
