
Microsoft Visual Studio Solution File, Format Version 12.00
# Visual Studio 15
VisualStudioVersion = 15.0.26403.3
MinimumVisualStudioVersion = 10.0.40219.1
Project("{2150E333-8FDC-42A3-9474-1A3956D46DE8}") = "L01_C-sharpIntroAndBasicSyntax-Lab", "L01_C-sharpIntroAndBasicSyntax-Lab", "{21BCFBA4-DCEA-45F8-88EE-7D6C988EAD31}"
EndProject
Project("{2150E333-8FDC-42A3-9474-1A3956D46DE8}") = "L02_C-sharp_IntroAndBasicSyntax-Exercises", "L02_C-sharp_IntroAndBasicSyntax-Exercises", "{96A7207D-457A-4906-ADC4-5A8D4BD52A29}"
EndProject
Project("{FAE04EC0-301F-11D3-BF4B-00C04F79EFBC}") = "P01_Greeting", "L01_C-sharpIntroAndBasicSyntax-Lab\P01_Greeting\P01_Greeting.csproj", "{7FDC5902-B163-49A1-878F-37C24DB3316F}"
EndProject
Project("{FAE04EC0-301F-11D3-BF4B-00C04F79EFBC}") = "P02_AddTwoNumbers", "L01_C-sharpIntroAndBasicSyntax-Lab\P02_AddTwoNumbers\P02_AddTwoNumbers.csproj", "{982CA72B-78FF-44CA-9939-AB2257A8FE32}"
EndProject
Project("{FAE04EC0-301F-11D3-BF4B-00C04F79EFBC}") = "P03_EmployeeData", "L01_C-sharpIntroAndBasicSyntax-Lab\P03_EmployeeData\P03_EmployeeData.csproj", "{E349C302-78B6-40B9-B91D-FF5268104CBF}"
EndProject
Project("{FAE04EC0-301F-11D3-BF4B-00C04F79EFBC}") = "P01_DebitCardNumber", "L02_C-sharp_IntroAndBasicSyntax-Exercises\P01_DebitCardNumber\P01_DebitCardNumber.csproj", "{A683DAFB-C1B5-46FD-9B2C-47A97B5513E1}"
EndProject
Project("{FAE04EC0-301F-11D3-BF4B-00C04F79EFBC}") = "P02_RectangleArea", "L02_C-sharp_IntroAndBasicSyntax-Exercises\P02_RectangleArea\P02_RectangleArea.csproj", "{D2823E50-352D-438A-B1F4-839BF734E9BE}"
EndProject
Project("{FAE04EC0-301F-11D3-BF4B-00C04F79EFBC}") = "P03_MilesToKilometers", "L02_C-sharp_IntroAndBasicSyntax-Exercises\P03_MilesToKilometers\P03_MilesToKilometers.csproj", "{184D6188-F15A-4473-A2E9-A2DB05FE4890}"
EndProject
Project("{FAE04EC0-301F-11D3-BF4B-00C04F79EFBC}") = "P04_BeverageLabels", "L02_C-sharp_IntroAndBasicSyntax-Exercises\P04_BeverageLabels\P04_BeverageLabels.csproj", "{E5904294-45E5-4D60-BF4C-426C28428AF4}"
EndProject
Project("{FAE04EC0-301F-11D3-BF4B-00C04F79EFBC}") = "P05_CharacterStats", "L02_C-sharp_IntroAndBasicSyntax-Exercises\P05_CharacterStats\P05_CharacterStats.csproj", "{91F61FF9-A391-44B1-90E3-3FDC23633C14}"
EndProject
Project("{2150E333-8FDC-42A3-9474-1A3956D46DE8}") = "L03_C-sharp_ConditionalStatementsAndLoops", "L03_C-sharp_ConditionalStatementsAndLoops", "{F5D88350-50A9-4548-8376-C501D0EF91F0}"
EndProject
Project("{FAE04EC0-301F-11D3-BF4B-00C04F79EFBC}") = "P01_Passed", "L03_C-sharp_ConditionalStatementsAndLoops\P01_Passed\P01_Passed.csproj", "{D73276CB-4391-40BC-8335-34F2E11B54C8}"
EndProject
Project("{FAE04EC0-301F-11D3-BF4B-00C04F79EFBC}") = "P02_PassedOrFailed", "L03_C-sharp_ConditionalStatementsAndLoops\P02_PassedOrFailed\P02_PassedOrFailed.csproj", "{EDB9976A-A42F-4BBB-B26C-90DCF36D12DB}"
EndProject
Project("{FAE04EC0-301F-11D3-BF4B-00C04F79EFBC}") = "P03_BackIn30Minutes", "L03_C-sharp_ConditionalStatementsAndLoops\P03_BackIn30Minutes\P03_BackIn30Minutes.csproj", "{07DEC892-3BD7-47B8-95AA-6D2B24899475}"
EndProject
Project("{FAE04EC0-301F-11D3-BF4B-00C04F79EFBC}") = "P04_MonthPrinter", "L03_C-sharp_ConditionalStatementsAndLoops\P04_MonthPrinter\P04_MonthPrinter.csproj", "{9B22D840-161B-4420-93D5-DC287F9698E6}"
EndProject
Project("{FAE04EC0-301F-11D3-BF4B-00C04F79EFBC}") = "P05_ForeignLanguages", "L03_C-sharp_ConditionalStatementsAndLoops\P05_ForeignLanguages\P05_ForeignLanguages.csproj", "{A641CD7F-B55F-4BD7-AAF6-4F0C750804A6}"
EndProject
Project("{FAE04EC0-301F-11D3-BF4B-00C04F79EFBC}") = "P06_TheatrePromotion", "L03_C-sharp_ConditionalStatementsAndLoops\P06_TheatrePromotion\P06_TheatrePromotion.csproj", "{0C2F3146-078C-48E4-9C71-E799BD87D676}"
EndProject
Project("{FAE04EC0-301F-11D3-BF4B-00C04F79EFBC}") = "P07_DivisibleBy3", "L03_C-sharp_ConditionalStatementsAndLoops\P07_DivisibleBy3\P07_DivisibleBy3.csproj", "{0E6BC089-517F-48B6-94A7-DA91AFECB453}"
EndProject
Project("{FAE04EC0-301F-11D3-BF4B-00C04F79EFBC}") = "P08_SumOfOddNumbers", "L03_C-sharp_ConditionalStatementsAndLoops\P08_SumOfOddNumbers\P08_SumOfOddNumbers.csproj", "{FDE7B59C-340B-4022-8B9F-320454ADB9B8}"
EndProject
Project("{FAE04EC0-301F-11D3-BF4B-00C04F79EFBC}") = "P09_MultiplicationTable", "L03_C-sharp_ConditionalStatementsAndLoops\P09_MultiplicationTable\P09_MultiplicationTable.csproj", "{201EBF34-E3C6-45B9-ACC2-0B496405F928}"
EndProject
Project("{FAE04EC0-301F-11D3-BF4B-00C04F79EFBC}") = "P10_MultiplicationTable2_0", "L03_C-sharp_ConditionalStatementsAndLoops\P10_MultiplicationTable2_0\P10_MultiplicationTable2_0.csproj", "{076DBF48-BA92-4379-B24D-C3055A3D9E3F}"
EndProject
Project("{FAE04EC0-301F-11D3-BF4B-00C04F79EFBC}") = "P11_OddNumber", "L03_C-sharp_ConditionalStatementsAndLoops\P11_OddNumber\P11_OddNumber.csproj", "{FEF565E6-810F-4C95-B5DE-E9C1CB2AE0AA}"
EndProject
Project("{FAE04EC0-301F-11D3-BF4B-00C04F79EFBC}") = "P12_NumberChecker", "L03_C-sharp_ConditionalStatementsAndLoops\P12_NumberChecker\P12_NumberChecker.csproj", "{7941F0A0-6E1C-41FB-B92A-955EA23309A5}"
EndProject
Global
	GlobalSection(SolutionConfigurationPlatforms) = preSolution
		Debug|Any CPU = Debug|Any CPU
		Release|Any CPU = Release|Any CPU
	EndGlobalSection
	GlobalSection(ProjectConfigurationPlatforms) = postSolution
		{7FDC5902-B163-49A1-878F-37C24DB3316F}.Debug|Any CPU.ActiveCfg = Debug|Any CPU
		{7FDC5902-B163-49A1-878F-37C24DB3316F}.Debug|Any CPU.Build.0 = Debug|Any CPU
		{7FDC5902-B163-49A1-878F-37C24DB3316F}.Release|Any CPU.ActiveCfg = Release|Any CPU
		{7FDC5902-B163-49A1-878F-37C24DB3316F}.Release|Any CPU.Build.0 = Release|Any CPU
		{982CA72B-78FF-44CA-9939-AB2257A8FE32}.Debug|Any CPU.ActiveCfg = Debug|Any CPU
		{982CA72B-78FF-44CA-9939-AB2257A8FE32}.Debug|Any CPU.Build.0 = Debug|Any CPU
		{982CA72B-78FF-44CA-9939-AB2257A8FE32}.Release|Any CPU.ActiveCfg = Release|Any CPU
		{982CA72B-78FF-44CA-9939-AB2257A8FE32}.Release|Any CPU.Build.0 = Release|Any CPU
		{E349C302-78B6-40B9-B91D-FF5268104CBF}.Debug|Any CPU.ActiveCfg = Debug|Any CPU
		{E349C302-78B6-40B9-B91D-FF5268104CBF}.Debug|Any CPU.Build.0 = Debug|Any CPU
		{E349C302-78B6-40B9-B91D-FF5268104CBF}.Release|Any CPU.ActiveCfg = Release|Any CPU
		{E349C302-78B6-40B9-B91D-FF5268104CBF}.Release|Any CPU.Build.0 = Release|Any CPU
		{A683DAFB-C1B5-46FD-9B2C-47A97B5513E1}.Debug|Any CPU.ActiveCfg = Debug|Any CPU
		{A683DAFB-C1B5-46FD-9B2C-47A97B5513E1}.Debug|Any CPU.Build.0 = Debug|Any CPU
		{A683DAFB-C1B5-46FD-9B2C-47A97B5513E1}.Release|Any CPU.ActiveCfg = Release|Any CPU
		{A683DAFB-C1B5-46FD-9B2C-47A97B5513E1}.Release|Any CPU.Build.0 = Release|Any CPU
		{D2823E50-352D-438A-B1F4-839BF734E9BE}.Debug|Any CPU.ActiveCfg = Debug|Any CPU
		{D2823E50-352D-438A-B1F4-839BF734E9BE}.Debug|Any CPU.Build.0 = Debug|Any CPU
		{D2823E50-352D-438A-B1F4-839BF734E9BE}.Release|Any CPU.ActiveCfg = Release|Any CPU
		{D2823E50-352D-438A-B1F4-839BF734E9BE}.Release|Any CPU.Build.0 = Release|Any CPU
		{184D6188-F15A-4473-A2E9-A2DB05FE4890}.Debug|Any CPU.ActiveCfg = Debug|Any CPU
		{184D6188-F15A-4473-A2E9-A2DB05FE4890}.Debug|Any CPU.Build.0 = Debug|Any CPU
		{184D6188-F15A-4473-A2E9-A2DB05FE4890}.Release|Any CPU.ActiveCfg = Release|Any CPU
		{184D6188-F15A-4473-A2E9-A2DB05FE4890}.Release|Any CPU.Build.0 = Release|Any CPU
		{E5904294-45E5-4D60-BF4C-426C28428AF4}.Debug|Any CPU.ActiveCfg = Debug|Any CPU
		{E5904294-45E5-4D60-BF4C-426C28428AF4}.Debug|Any CPU.Build.0 = Debug|Any CPU
		{E5904294-45E5-4D60-BF4C-426C28428AF4}.Release|Any CPU.ActiveCfg = Release|Any CPU
		{E5904294-45E5-4D60-BF4C-426C28428AF4}.Release|Any CPU.Build.0 = Release|Any CPU
		{91F61FF9-A391-44B1-90E3-3FDC23633C14}.Debug|Any CPU.ActiveCfg = Debug|Any CPU
		{91F61FF9-A391-44B1-90E3-3FDC23633C14}.Debug|Any CPU.Build.0 = Debug|Any CPU
		{91F61FF9-A391-44B1-90E3-3FDC23633C14}.Release|Any CPU.ActiveCfg = Release|Any CPU
		{91F61FF9-A391-44B1-90E3-3FDC23633C14}.Release|Any CPU.Build.0 = Release|Any CPU
		{D73276CB-4391-40BC-8335-34F2E11B54C8}.Debug|Any CPU.ActiveCfg = Debug|Any CPU
		{D73276CB-4391-40BC-8335-34F2E11B54C8}.Debug|Any CPU.Build.0 = Debug|Any CPU
		{D73276CB-4391-40BC-8335-34F2E11B54C8}.Release|Any CPU.ActiveCfg = Release|Any CPU
		{D73276CB-4391-40BC-8335-34F2E11B54C8}.Release|Any CPU.Build.0 = Release|Any CPU
		{EDB9976A-A42F-4BBB-B26C-90DCF36D12DB}.Debug|Any CPU.ActiveCfg = Debug|Any CPU
		{EDB9976A-A42F-4BBB-B26C-90DCF36D12DB}.Debug|Any CPU.Build.0 = Debug|Any CPU
		{EDB9976A-A42F-4BBB-B26C-90DCF36D12DB}.Release|Any CPU.ActiveCfg = Release|Any CPU
		{EDB9976A-A42F-4BBB-B26C-90DCF36D12DB}.Release|Any CPU.Build.0 = Release|Any CPU
		{07DEC892-3BD7-47B8-95AA-6D2B24899475}.Debug|Any CPU.ActiveCfg = Debug|Any CPU
		{07DEC892-3BD7-47B8-95AA-6D2B24899475}.Debug|Any CPU.Build.0 = Debug|Any CPU
		{07DEC892-3BD7-47B8-95AA-6D2B24899475}.Release|Any CPU.ActiveCfg = Release|Any CPU
		{07DEC892-3BD7-47B8-95AA-6D2B24899475}.Release|Any CPU.Build.0 = Release|Any CPU
		{9B22D840-161B-4420-93D5-DC287F9698E6}.Debug|Any CPU.ActiveCfg = Debug|Any CPU
		{9B22D840-161B-4420-93D5-DC287F9698E6}.Debug|Any CPU.Build.0 = Debug|Any CPU
		{9B22D840-161B-4420-93D5-DC287F9698E6}.Release|Any CPU.ActiveCfg = Release|Any CPU
		{9B22D840-161B-4420-93D5-DC287F9698E6}.Release|Any CPU.Build.0 = Release|Any CPU
		{A641CD7F-B55F-4BD7-AAF6-4F0C750804A6}.Debug|Any CPU.ActiveCfg = Debug|Any CPU
		{A641CD7F-B55F-4BD7-AAF6-4F0C750804A6}.Debug|Any CPU.Build.0 = Debug|Any CPU
		{A641CD7F-B55F-4BD7-AAF6-4F0C750804A6}.Release|Any CPU.ActiveCfg = Release|Any CPU
		{A641CD7F-B55F-4BD7-AAF6-4F0C750804A6}.Release|Any CPU.Build.0 = Release|Any CPU
		{0C2F3146-078C-48E4-9C71-E799BD87D676}.Debug|Any CPU.ActiveCfg = Debug|Any CPU
		{0C2F3146-078C-48E4-9C71-E799BD87D676}.Debug|Any CPU.Build.0 = Debug|Any CPU
		{0C2F3146-078C-48E4-9C71-E799BD87D676}.Release|Any CPU.ActiveCfg = Release|Any CPU
		{0C2F3146-078C-48E4-9C71-E799BD87D676}.Release|Any CPU.Build.0 = Release|Any CPU
		{0E6BC089-517F-48B6-94A7-DA91AFECB453}.Debug|Any CPU.ActiveCfg = Debug|Any CPU
		{0E6BC089-517F-48B6-94A7-DA91AFECB453}.Debug|Any CPU.Build.0 = Debug|Any CPU
		{0E6BC089-517F-48B6-94A7-DA91AFECB453}.Release|Any CPU.ActiveCfg = Release|Any CPU
		{0E6BC089-517F-48B6-94A7-DA91AFECB453}.Release|Any CPU.Build.0 = Release|Any CPU
		{FDE7B59C-340B-4022-8B9F-320454ADB9B8}.Debug|Any CPU.ActiveCfg = Debug|Any CPU
		{FDE7B59C-340B-4022-8B9F-320454ADB9B8}.Debug|Any CPU.Build.0 = Debug|Any CPU
		{FDE7B59C-340B-4022-8B9F-320454ADB9B8}.Release|Any CPU.ActiveCfg = Release|Any CPU
		{FDE7B59C-340B-4022-8B9F-320454ADB9B8}.Release|Any CPU.Build.0 = Release|Any CPU
		{201EBF34-E3C6-45B9-ACC2-0B496405F928}.Debug|Any CPU.ActiveCfg = Debug|Any CPU
		{201EBF34-E3C6-45B9-ACC2-0B496405F928}.Debug|Any CPU.Build.0 = Debug|Any CPU
		{201EBF34-E3C6-45B9-ACC2-0B496405F928}.Release|Any CPU.ActiveCfg = Release|Any CPU
		{201EBF34-E3C6-45B9-ACC2-0B496405F928}.Release|Any CPU.Build.0 = Release|Any CPU
		{076DBF48-BA92-4379-B24D-C3055A3D9E3F}.Debug|Any CPU.ActiveCfg = Debug|Any CPU
		{076DBF48-BA92-4379-B24D-C3055A3D9E3F}.Debug|Any CPU.Build.0 = Debug|Any CPU
		{076DBF48-BA92-4379-B24D-C3055A3D9E3F}.Release|Any CPU.ActiveCfg = Release|Any CPU
		{076DBF48-BA92-4379-B24D-C3055A3D9E3F}.Release|Any CPU.Build.0 = Release|Any CPU
		{FEF565E6-810F-4C95-B5DE-E9C1CB2AE0AA}.Debug|Any CPU.ActiveCfg = Debug|Any CPU
		{FEF565E6-810F-4C95-B5DE-E9C1CB2AE0AA}.Debug|Any CPU.Build.0 = Debug|Any CPU
		{FEF565E6-810F-4C95-B5DE-E9C1CB2AE0AA}.Release|Any CPU.ActiveCfg = Release|Any CPU
		{FEF565E6-810F-4C95-B5DE-E9C1CB2AE0AA}.Release|Any CPU.Build.0 = Release|Any CPU
		{7941F0A0-6E1C-41FB-B92A-955EA23309A5}.Debug|Any CPU.ActiveCfg = Debug|Any CPU
		{7941F0A0-6E1C-41FB-B92A-955EA23309A5}.Debug|Any CPU.Build.0 = Debug|Any CPU
		{7941F0A0-6E1C-41FB-B92A-955EA23309A5}.Release|Any CPU.ActiveCfg = Release|Any CPU
		{7941F0A0-6E1C-41FB-B92A-955EA23309A5}.Release|Any CPU.Build.0 = Release|Any CPU
	EndGlobalSection
	GlobalSection(SolutionProperties) = preSolution
		HideSolutionNode = FALSE
	EndGlobalSection
	GlobalSection(NestedProjects) = preSolution
		{7FDC5902-B163-49A1-878F-37C24DB3316F} = {21BCFBA4-DCEA-45F8-88EE-7D6C988EAD31}
		{982CA72B-78FF-44CA-9939-AB2257A8FE32} = {21BCFBA4-DCEA-45F8-88EE-7D6C988EAD31}
		{E349C302-78B6-40B9-B91D-FF5268104CBF} = {21BCFBA4-DCEA-45F8-88EE-7D6C988EAD31}
		{A683DAFB-C1B5-46FD-9B2C-47A97B5513E1} = {96A7207D-457A-4906-ADC4-5A8D4BD52A29}
		{D2823E50-352D-438A-B1F4-839BF734E9BE} = {96A7207D-457A-4906-ADC4-5A8D4BD52A29}
		{184D6188-F15A-4473-A2E9-A2DB05FE4890} = {96A7207D-457A-4906-ADC4-5A8D4BD52A29}
		{E5904294-45E5-4D60-BF4C-426C28428AF4} = {96A7207D-457A-4906-ADC4-5A8D4BD52A29}
		{91F61FF9-A391-44B1-90E3-3FDC23633C14} = {96A7207D-457A-4906-ADC4-5A8D4BD52A29}
		{D73276CB-4391-40BC-8335-34F2E11B54C8} = {F5D88350-50A9-4548-8376-C501D0EF91F0}
		{EDB9976A-A42F-4BBB-B26C-90DCF36D12DB} = {F5D88350-50A9-4548-8376-C501D0EF91F0}
		{07DEC892-3BD7-47B8-95AA-6D2B24899475} = {F5D88350-50A9-4548-8376-C501D0EF91F0}
		{9B22D840-161B-4420-93D5-DC287F9698E6} = {F5D88350-50A9-4548-8376-C501D0EF91F0}
		{A641CD7F-B55F-4BD7-AAF6-4F0C750804A6} = {F5D88350-50A9-4548-8376-C501D0EF91F0}
		{0C2F3146-078C-48E4-9C71-E799BD87D676} = {F5D88350-50A9-4548-8376-C501D0EF91F0}
		{0E6BC089-517F-48B6-94A7-DA91AFECB453} = {F5D88350-50A9-4548-8376-C501D0EF91F0}
		{FDE7B59C-340B-4022-8B9F-320454ADB9B8} = {F5D88350-50A9-4548-8376-C501D0EF91F0}
		{201EBF34-E3C6-45B9-ACC2-0B496405F928} = {F5D88350-50A9-4548-8376-C501D0EF91F0}
		{076DBF48-BA92-4379-B24D-C3055A3D9E3F} = {F5D88350-50A9-4548-8376-C501D0EF91F0}
		{FEF565E6-810F-4C95-B5DE-E9C1CB2AE0AA} = {F5D88350-50A9-4548-8376-C501D0EF91F0}
		{7941F0A0-6E1C-41FB-B92A-955EA23309A5} = {F5D88350-50A9-4548-8376-C501D0EF91F0}
	EndGlobalSection
EndGlobal
